{
  "version": 4,
  "terraform_version": "1.12.1",
  "serial": 4,
  "lineage": "fe9405c1-99aa-2a1f-f74c-28b5df742a8f",
  "outputs": {},
  "resources": [
    {
      "mode": "data",
      "type": "opentelekomcloud_compute_instances_v2",
      "name": "all",
      "provider": "provider[\"registry.terraform.io/opentelekomcloud/opentelekomcloud\"]",
      "instances": [
        {
          "schema_version": 0,
          "attributes": {
            "availability_zone": null,
            "flavor_id": null,
            "flavor_name": null,
            "id": "4220938230",
            "image_id": null,
            "instance_id": null,
            "instances": [
              {
                "availability_zone": "eu-de-03",
                "description": "This is the main log aggregator for peer.  All Dev, and build logs.  With health.",
                "flavor_id": "s3.large.2",
                "id": "8f0dbccb-d06f-49ef-9e88-f4d1af5c7342",
                "image_id": "ca962bbf-de51-4462-a352-4fe5e26ec67c",
                "image_name": "Standard_Ubuntu_24.04_amd64_uefi_prev",
                "key_pair": "peer-admin-key",
                "name": "peer-admin-loki-monitor",
                "network": [
                  {
                    "fixed_ip_v4": "",
                    "fixed_ip_v6": "",
                    "mac": "fa:16:3e:de:ad:42",
                    "name": "",
                    "port": "67d27c76-d02c-4d3a-882f-8076198fb308",
                    "uuid": "536f3d94-35f2-4aca-9116-16a76d0b91c4"
                  }
                ],
                "project_id": "f9d69b5c90384a13a760b41c61a50dce",
                "public_ip": "80.158.22.100",
                "security_groups_ids": [
                  "05eb0a9e-2d1f-4fc4-820c-fe13399a9d75"
                ],
                "status": "ACTIVE",
                "system_disk_id": "b3d9bb8f-e0ad-4cba-b947-764ddee4575a",
                "tags": {},
                "user_data": ""
              },
              {
                "availability_zone": "eu-de-03",
                "description": "The jumphost for the admin VPC group",
                "flavor_id": "s7n.small.1",
                "id": "d2f50d51-52e3-4163-b8bb-6edd0b569ad4",
                "image_id": "cf4ba719-0c8f-4808-b82a-ec71d4e9959c",
                "image_name": "Standard_Ubuntu_24.04_amd64_bios_prev",
                "key_pair": "peer-admin-key",
                "name": "peer-admin-jumphost",
                "network": [
                  {
                    "fixed_ip_v4": "",
                    "fixed_ip_v6": "",
                    "mac": "fa:16:3e:de:ad:10",
                    "name": "",
                    "port": "b9b9ce27-1cc7-4c93-88bc-c995dbddd647",
                    "uuid": "536f3d94-35f2-4aca-9116-16a76d0b91c4"
                  }
                ],
                "project_id": "f9d69b5c90384a13a760b41c61a50dce",
                "public_ip": "80.158.41.189",
                "security_groups_ids": [
                  "c1113fee-510c-4180-b114-3af2ebd8f099",
                  "2bb26324-3989-4458-a614-8425cc6cd21a"
                ],
                "status": "ACTIVE",
                "system_disk_id": "ae7deb34-541e-447a-bbf3-8d6c02c9e3a1",
                "tags": {},
                "user_data": ""
              },
              {
                "availability_zone": "eu-de-03",
                "description": "This VM ECS servers if to test and monitor the testing einvironment",
                "flavor_id": "s3.medium.2",
                "id": "bc66c2b9-b493-4a78-a4d6-8729ba0230c9",
                "image_id": "c0b68f22-adf5-4348-9cd6-5f27a9295f05",
                "image_name": "Standard_Ubuntu_24.04_amd64_uefi_GitLab_3074",
                "key_pair": "peer-email-key",
                "name": "ecs-peer-monitor-test",
                "network": [
                  {
                    "fixed_ip_v4": "",
                    "fixed_ip_v6": "",
                    "mac": "fa:16:3e:10:00:14",
                    "name": "",
                    "port": "293f9e4e-dc97-4191-b36d-1eb0c7486035",
                    "uuid": "090def60-f4da-434f-a374-78dc9817fb6e"
                  }
                ],
                "project_id": "f9d69b5c90384a13a760b41c61a50dce",
                "public_ip": "164.30.7.104",
                "security_groups_ids": [
                  "0eb84b89-678f-4cfd-98a4-c8c543aaeda6"
                ],
                "status": "ACTIVE",
                "system_disk_id": "550ee657-e860-4c0a-a31e-88f00d4a55f8",
                "tags": {},
                "user_data": ""
              },
              {
                "availability_zone": "eu-de-03",
                "description": "the websocket for the solana and backend test connection",
                "flavor_id": "s3.medium.1",
                "id": "27dd9e47-59d9-493c-a867-9291c4480b63",
                "image_id": "ffbd868d-0688-4d37-8154-525937f908f5",
                "image_name": "Standard_Ubuntu_24.04_amd64_uefi_GitLab_3074",
                "key_pair": "testing-websocket",
                "name": "ecs-testing-websocket",
                "network": [
                  {
                    "fixed_ip_v4": "",
                    "fixed_ip_v6": "",
                    "mac": "fa:16:3e:10:0a:b8",
                    "name": "",
                    "port": "fe0f5779-8487-49c2-9492-8fd96aba1b60",
                    "uuid": "048d9e09-4c22-41a4-97f1-793efa67f865"
                  }
                ],
                "project_id": "f9d69b5c90384a13a760b41c61a50dce",
                "public_ip": "80.158.109.151",
                "security_groups_ids": [
                  "4088c618-6940-422f-87a2-7be4c26f3910"
                ],
                "status": "ACTIVE",
                "system_disk_id": "d308d225-7d2f-4da5-a259-a2f53d483226",
                "tags": {},
                "user_data": ""
              },
              {
                "availability_zone": "eu-de-03",
                "description": "this is the server for web frontend in prod",
                "flavor_id": "s3.medium.1",
                "id": "4c9df61a-0306-4036-b3e2-68ceff0fd121",
                "image_id": "ffbd868d-0688-4d37-8154-525937f908f5",
                "image_name": "Standard_Ubuntu_24.04_amd64_uefi_GitLab_3074",
                "key_pair": "prod_web-frontend",
                "name": "ecs-prod_web-frontend",
                "network": [
                  {
                    "fixed_ip_v4": "",
                    "fixed_ip_v6": "",
                    "mac": "fa:16:3e:b9:12:6f",
                    "name": "",
                    "port": "eb00aa68-66ed-47c5-afc7-fb3b65d5020c",
                    "uuid": "f347c51c-7f22-4a6c-800f-fd6d38686794"
                  }
                ],
                "project_id": "f9d69b5c90384a13a760b41c61a50dce",
                "public_ip": "164.30.12.84",
                "security_groups_ids": [
                  "0a6ffdf8-9b73-4078-bb7f-80d77d8366c4"
                ],
                "status": "ACTIVE",
                "system_disk_id": "91bf7962-5e90-4c33-976a-68e57267231b",
                "tags": {},
                "user_data": ""
              },
              {
                "availability_zone": "eu-de-03",
                "description": "Admin server for the postgresDB in production setup.",
                "flavor_id": "s3.large.2",
                "id": "29ef279d-55d6-403f-98ab-63859b09cbaf",
                "image_id": "3903f737-1642-497a-84e7-0663fc1e9caa",
                "image_name": "Standard_Ubuntu_24.04_amd64_uefi_GitLab_3074",
                "key_pair": "prod-admin",
                "name": "ecs-prod-admin",
                "network": [
                  {
                    "fixed_ip_v4": "",
                    "fixed_ip_v6": "",
                    "mac": "fa:16:3e:b9:12:d2",
                    "name": "",
                    "port": "ec92dd6f-87c3-4d35-b79e-dc7be212657b",
                    "uuid": "f347c51c-7f22-4a6c-800f-fd6d38686794"
                  }
                ],
                "project_id": "f9d69b5c90384a13a760b41c61a50dce",
                "public_ip": "",
                "security_groups_ids": [
                  "c3701b8f-079c-4864-83a6-600c7204a415"
                ],
                "status": "ACTIVE",
                "system_disk_id": "d01cdb06-e448-4941-a57f-b0616e331614",
                "tags": {},
                "user_data": ""
              },
              {
                "availability_zone": "eu-de-03",
                "description": "The backend server for the production setup.",
                "flavor_id": "s3.4xlarge.4",
                "id": "349d2490-cfd9-4e2c-b4f0-a2c18efb0382",
                "image_id": "3903f737-1642-497a-84e7-0663fc1e9caa",
                "image_name": "Standard_Ubuntu_24.04_amd64_uefi_GitLab_3074",
                "key_pair": "prod-backend",
                "name": "ecs-prod-backend",
                "network": [
                  {
                    "fixed_ip_v4": "",
                    "fixed_ip_v6": "",
                    "mac": "fa:16:3e:b9:12:c8",
                    "name": "",
                    "port": "9df13dbb-7c34-45d1-9312-729e70492485",
                    "uuid": "f347c51c-7f22-4a6c-800f-fd6d38686794"
                  }
                ],
                "project_id": "f9d69b5c90384a13a760b41c61a50dce",
                "public_ip": "",
                "security_groups_ids": [
                  "a04d74f1-879a-4c55-8d07-033c8db98065"
                ],
                "status": "ACTIVE",
                "system_disk_id": "531cfed3-b43e-4eed-b291-404533f7b163",
                "tags": {},
                "user_data": ""
              },
              {
                "availability_zone": "eu-de-03",
                "description": "Jump-Host for the production setup.",
                "flavor_id": "s3.medium.1",
                "id": "a74ffa01-38c3-42dd-8b60-bf2ee6d662cc",
                "image_id": "3903f737-1642-497a-84e7-0663fc1e9caa",
                "image_name": "Standard_Ubuntu_24.04_amd64_uefi_GitLab_3074",
                "key_pair": "peer_beta-prod",
                "name": "ecs-prod-jump",
                "network": [
                  {
                    "fixed_ip_v4": "",
                    "fixed_ip_v6": "",
                    "mac": "fa:16:3e:b9:11:52",
                    "name": "",
                    "port": "83710b25-11aa-419c-bb65-4d9d031d734c",
                    "uuid": "5617d4bf-1911-4f4a-a6e8-9d1a81d5ff7f"
                  }
                ],
                "project_id": "f9d69b5c90384a13a760b41c61a50dce",
                "public_ip": "80.158.7.156",
                "security_groups_ids": [
                  "2b7ee980-efc2-4199-98ad-0a375c3ba291"
                ],
                "status": "ACTIVE",
                "system_disk_id": "5ec8a593-8781-4fcc-bf31-b0ee31fec9b9",
                "tags": {},
                "user_data": ""
              },
              {
                "availability_zone": "eu-de-03",
                "description": "small server chan for our website ",
                "flavor_id": "s3.medium.1",
                "id": "87a5f22d-d596-4305-99d3-a5277aab207a",
                "image_id": "4ea5ade7-fcb4-4659-82e0-5305e3b5f3cd",
                "image_name": "Standard_Ubuntu_24.04_amd64_uefi_GitLab_3074",
                "key_pair": "olaf_work",
                "name": "ecs-website",
                "network": [
                  {
                    "fixed_ip_v4": "",
                    "fixed_ip_v6": "",
                    "mac": "fa:16:3e:f4:f0:19",
                    "name": "",
                    "port": "2a6d86d4-eaf9-4a57-b18f-af36760c4eb4",
                    "uuid": "3089a379-4a7f-4147-aa5e-b2134d6327f7"
                  }
                ],
                "project_id": "f9d69b5c90384a13a760b41c61a50dce",
                "public_ip": "164.30.6.79",
                "security_groups_ids": [
                  "1e98dd1b-d695-4239-917e-b3d59e47880d"
                ],
                "status": "ACTIVE",
                "system_disk_id": "299d9f91-bc38-469e-b5a8-1bdc9b79e275",
                "tags": {},
                "user_data": ""
              },
              {
                "availability_zone": "eu-de-03",
                "description": "admin server for the postgres db in peer_beta-testing",
                "flavor_id": "s3.medium.1",
                "id": "f07f6cbc-cbe8-42e3-80c3-67d3b8cc0a8c",
                "image_id": "4ea5ade7-fcb4-4659-82e0-5305e3b5f3cd",
                "image_name": "Standard_Ubuntu_24.04_amd64_uefi_GitLab_3074",
                "key_pair": "beta_testing-key",
                "name": "ecs-admin-testing",
                "network": [
                  {
                    "fixed_ip_v4": "",
                    "fixed_ip_v6": "",
                    "mac": "fa:16:3e:10:0a:f0",
                    "name": "",
                    "port": "58e7dce6-1241-46ad-b436-87577c1c3ee4",
                    "uuid": "048d9e09-4c22-41a4-97f1-793efa67f865"
                  },
                  {
                    "fixed_ip_v4": "",
                    "fixed_ip_v6": "",
                    "mac": "fa:16:3e:10:0a:f1",
                    "name": "",
                    "port": "b461ed0c-0f73-4518-b3e7-098d27b0295c",
                    "uuid": "048d9e09-4c22-41a4-97f1-793efa67f865"
                  }
                ],
                "project_id": "f9d69b5c90384a13a760b41c61a50dce",
                "public_ip": "80.158.58.249",
                "security_groups_ids": [
                  "0eb84b89-678f-4cfd-98a4-c8c543aaeda6"
                ],
                "status": "ACTIVE",
                "system_disk_id": "c7b4fb41-3ea2-4fcb-81b7-e4711bae0718",
                "tags": {},
                "user_data": ""
              },
              {
                "availability_zone": "eu-de-03",
                "description": "backend server in our testing environment",
                "flavor_id": "s3.medium.1",
                "id": "daa26951-e6b7-4e0e-86e0-32f9e669e838",
                "image_id": "4ea5ade7-fcb4-4659-82e0-5305e3b5f3cd",
                "image_name": "Standard_Ubuntu_24.04_amd64_uefi_GitLab_3074",
                "key_pair": "beta_testing-key",
                "name": "ecs-peer-web-testing",
                "network": [
                  {
                    "fixed_ip_v4": "",
                    "fixed_ip_v6": "",
                    "mac": "fa:16:3e:10:0a:c2",
                    "name": "",
                    "port": "caf7dc15-faf7-420e-af0e-0c692a216fb0",
                    "uuid": "048d9e09-4c22-41a4-97f1-793efa67f865"
                  }
                ],
                "project_id": "f9d69b5c90384a13a760b41c61a50dce",
                "public_ip": "",
                "security_groups_ids": [
                  "82960534-6f06-4995-8ca7-65b18fffa84b"
                ],
                "status": "ACTIVE",
                "system_disk_id": "22436c21-f3ea-46a7-9421-2d5683bcb954",
                "tags": {},
                "user_data": ""
              },
              {
                "availability_zone": "eu-de-03",
                "description": "Jump-Host for the testing setup",
                "flavor_id": "s3.medium.1",
                "id": "fd525b9c-11dd-4e9d-abb7-6ce4b513d602",
                "image_id": "4ea5ade7-fcb4-4659-82e0-5305e3b5f3cd",
                "image_name": "Standard_Ubuntu_24.04_amd64_uefi_GitLab_3074",
                "key_pair": "beta_testing-key",
                "name": "ecs-jump-testing",
                "network": [
                  {
                    "fixed_ip_v4": "",
                    "fixed_ip_v6": "",
                    "mac": "fa:16:3e:10:00:11",
                    "name": "",
                    "port": "6ab37853-36b3-43be-ba26-d1bf37c8e8fb",
                    "uuid": "090def60-f4da-434f-a374-78dc9817fb6e"
                  }
                ],
                "project_id": "f9d69b5c90384a13a760b41c61a50dce",
                "public_ip": "164.30.10.149",
                "security_groups_ids": [
                  "170caca7-fbb5-4ade-9a25-ce976d9ed82b"
                ],
                "status": "ACTIVE",
                "system_disk_id": "d7457911-383b-4b04-a802-e5541a256cda",
                "tags": {},
                "user_data": ""
              },
              {
                "availability_zone": "eu-de-03",
                "description": "Virtual machine for our webbrowser frontend",
                "flavor_id": "s3.medium.1",
                "id": "444a37fc-6f04-4fb8-b55c-c3fdc3dba642",
                "image_id": "37c125a1-3a1d-41f2-8ea0-12895862bd2d",
                "image_name": "Standard_Ubuntu_24.04_amd64_uefi_GitLab_3074",
                "key_pair": "olaf_work",
                "name": "ecs-frontend-web",
                "network": [
                  {
                    "fixed_ip_v4": "",
                    "fixed_ip_v6": "",
                    "mac": "fa:16:3e:f4:f0:85",
                    "name": "",
                    "port": "e2553fcb-1fcc-419a-bf20-fdf38910af54",
                    "uuid": "3089a379-4a7f-4147-aa5e-b2134d6327f7"
                  }
                ],
                "project_id": "f9d69b5c90384a13a760b41c61a50dce",
                "public_ip": "80.158.108.20",
                "security_groups_ids": [
                  "1e98dd1b-d695-4239-917e-b3d59e47880d"
                ],
                "status": "ACTIVE",
                "system_disk_id": "ea32af0a-3824-4d28-b449-7457d0c2a0f5",
                "tags": {},
                "user_data": ""
              },
              {
                "availability_zone": "eu-de-02",
                "description": "peer_beta simple admin server",
                "flavor_id": "s3.medium.1",
                "id": "658e9751-4923-465f-8091-2c6257645a5b",
                "image_id": "37c125a1-3a1d-41f2-8ea0-12895862bd2d",
                "image_name": "Standard_Ubuntu_24.04_amd64_uefi_GitLab_3074",
                "key_pair": "dev-key",
                "name": "ecs-peer-admin",
                "network": [
                  {
                    "fixed_ip_v4": "",
                    "fixed_ip_v6": "",
                    "mac": "fa:16:3e:f4:f0:e3",
                    "name": "",
                    "port": "36625f7e-c4fc-405c-aeed-f2ac4655c778",
                    "uuid": "3089a379-4a7f-4147-aa5e-b2134d6327f7"
                  }
                ],
                "project_id": "f9d69b5c90384a13a760b41c61a50dce",
                "public_ip": "80.158.60.175",
                "security_groups_ids": [
                  "4f14fba4-ea42-4ebd-9ff1-16611d07a8e4"
                ],
                "status": "ACTIVE",
                "system_disk_id": "53754122-00fe-4318-a7be-b803d679c261",
                "tags": {},
                "user_data": ""
              },
              {
                "availability_zone": "eu-de-03",
                "description": "Web-Server for peer_beta",
                "flavor_id": "s3.medium.1",
                "id": "940014fb-b09d-4c43-b3b9-db2820342ba9",
                "image_id": "37c125a1-3a1d-41f2-8ea0-12895862bd2d",
                "image_name": "Standard_Ubuntu_24.04_amd64_uefi_GitLab_3074",
                "key_pair": "dev-key",
                "name": "ecs-peer-web",
                "network": [
                  {
                    "fixed_ip_v4": "",
                    "fixed_ip_v6": "",
                    "mac": "fa:16:3e:f4:f0:2b",
                    "name": "",
                    "port": "efbc7990-112f-4040-95bd-9ee8e8554398",
                    "uuid": "3089a379-4a7f-4147-aa5e-b2134d6327f7"
                  }
                ],
                "project_id": "f9d69b5c90384a13a760b41c61a50dce",
                "public_ip": "",
                "security_groups_ids": [
                  "1e98dd1b-d695-4239-917e-b3d59e47880d"
                ],
                "status": "ACTIVE",
                "system_disk_id": "02ebba9e-b9ac-4a4f-8d2c-5fc71773f81a",
                "tags": {},
                "user_data": ""
              },
              {
                "availability_zone": "eu-de-03",
                "description": "Jump-Host for peer beta project.",
                "flavor_id": "s3.medium.1",
                "id": "055f937b-0bb5-4905-b1b5-b053c161480a",
                "image_id": "37c125a1-3a1d-41f2-8ea0-12895862bd2d",
                "image_name": "Standard_Ubuntu_24.04_amd64_uefi_GitLab_3074",
                "key_pair": "dev-key",
                "name": "ecs-peer-jump",
                "network": [
                  {
                    "fixed_ip_v4": "",
                    "fixed_ip_v6": "",
                    "mac": "fa:16:3e:f4:ef:e0",
                    "name": "",
                    "port": "1ff2dde0-7e8f-42d0-9797-1fbd2cbf5dd1",
                    "uuid": "b3523510-8a93-4ad9-b5d7-2178464f1f65"
                  }
                ],
                "project_id": "f9d69b5c90384a13a760b41c61a50dce",
                "public_ip": "80.158.61.213",
                "security_groups_ids": [
                  "abe07485-dd5e-4cb2-a88a-3b10c699a4ee"
                ],
                "status": "ACTIVE",
                "system_disk_id": "b0f6fe3f-a6b4-4c5f-ac78-9485808082dc",
                "tags": {},
                "user_data": ""
              }
            ],
            "key_pair": null,
            "limit": 100,
            "name": null,
            "project_id": null,
            "status": null
          },
          "sensitive_attributes": [],
          "identity_schema_version": 0
        }
      ]
    },
    {
      "mode": "data",
      "type": "opentelekomcloud_evs_volumes_v2",
      "name": "all",
      "provider": "provider[\"registry.terraform.io/opentelekomcloud/opentelekomcloud\"]",
      "instances": [
        {
          "schema_version": 0,
          "attributes": {
            "availability_zone": null,
            "id": "136788733",
            "name": null,
            "server_id": null,
            "shareable": null,
            "status": null,
            "tags": null,
            "volume_id": null,
            "volume_type_id": null,
            "volumes": [
              {
                "attachments": [
                  {
                    "attached_at": "2025-07-22T07:48:19.474297",
                    "attached_mode": "rw",
                    "device_name": "/dev/vdb",
                    "id": "04aa0538-6db2-417e-9dd3-cd44726f7878",
                    "server_id": "8f0dbccb-d06f-49ef-9e88-f4d1af5c7342"
                  }
                ],
                "availability_zone": "eu-de-03",
                "bootable": false,
                "create_at": "2025-07-22T07:48:09.989512",
                "description": "",
                "id": "1ce30403-6ca2-4ddf-8517-52f2b9c2c11d",
                "name": "peer-admin-loki-monitor-volume-0001",
                "service_type": "EVS",
                "shareable": false,
                "size": 100,
                "status": "in-use",
                "tags": {},
                "update_at": "2025-08-12T17:01:46.812377",
                "volume_type": "GPSSD",
                "wwn": "688860300000a0e9fa16191d45031919"
              },
              {
                "attachments": [
                  {
                    "attached_at": "2025-07-22T07:48:02.286840",
                    "attached_mode": "rw",
                    "device_name": "/dev/vda",
                    "id": "e7ee7dd8-a310-4558-9ab3-9d2b1969faab",
                    "server_id": "8f0dbccb-d06f-49ef-9e88-f4d1af5c7342"
                  }
                ],
                "availability_zone": "eu-de-03",
                "bootable": true,
                "create_at": "2025-07-22T07:47:56.660245",
                "description": "",
                "id": "b3d9bb8f-e0ad-4cba-b947-764ddee4575a",
                "name": "peer-admin-loki-monitor",
                "service_type": "EVS",
                "shareable": false,
                "size": 20,
                "status": "in-use",
                "tags": {},
                "update_at": "2025-08-12T17:01:46.531435",
                "volume_type": "GPSSD",
                "wwn": "6888603000005fa1fa16191d45031919"
              },
              {
                "attachments": [
                  {
                    "attached_at": "2025-07-21T13:07:10.291433",
                    "attached_mode": "rw",
                    "device_name": "/dev/vda",
                    "id": "357601f0-6bcc-4835-91fa-235d924f47da",
                    "server_id": "d2f50d51-52e3-4163-b8bb-6edd0b569ad4"
                  }
                ],
                "availability_zone": "eu-de-03",
                "bootable": true,
                "create_at": "2025-07-21T13:07:05.291147",
                "description": "",
                "id": "ae7deb34-541e-447a-bbf3-8d6c02c9e3a1",
                "name": "peer-admin-jumphost",
                "service_type": "EVS",
                "shareable": false,
                "size": 10,
                "status": "in-use",
                "tags": {},
                "update_at": "2025-08-12T17:01:45.894011",
                "volume_type": "GPSSD",
                "wwn": "68886030000027a4fa16191d45031919"
              },
              {
                "attachments": [
                  {
                    "attached_at": "2025-06-24T07:58:25.155026",
                    "attached_mode": "rw",
                    "device_name": "/dev/vda",
                    "id": "86f92e34-c4c7-4abc-b32c-31a69d5d888a",
                    "server_id": "bc66c2b9-b493-4a78-a4d6-8729ba0230c9"
                  }
                ],
                "availability_zone": "eu-de-03",
                "bootable": true,
                "create_at": "2025-06-24T07:58:19.848925",
                "description": "",
                "id": "550ee657-e860-4c0a-a31e-88f00d4a55f8",
                "name": "ecs-peer-monitor-test",
                "service_type": "EVS",
                "shareable": false,
                "size": 20,
                "status": "in-use",
                "tags": {},
                "update_at": "2025-06-24T07:58:25.204214",
                "volume_type": "GPSSD",
                "wwn": "6888603000002b6ffa16191d45031919"
              },
              {
                "attachments": [
                  {
                    "attached_at": "2025-04-09T13:26:34.307498",
                    "attached_mode": "rw",
                    "device_name": "/dev/vda",
                    "id": "3fad6b88-14aa-4a95-a976-1d06ee7a0b82",
                    "server_id": "27dd9e47-59d9-493c-a867-9291c4480b63"
                  }
                ],
                "availability_zone": "eu-de-03",
                "bootable": true,
                "create_at": "2025-04-09T13:26:28.565351",
                "description": "",
                "id": "d308d225-7d2f-4da5-a259-a2f53d483226",
                "name": "ecs-testing-websocket",
                "service_type": "EVS",
                "shareable": false,
                "size": 50,
                "status": "in-use",
                "tags": {
                  "project": "peer_beta-testing"
                },
                "update_at": "2025-04-09T13:26:50.516169",
                "volume_type": "GPSSD",
                "wwn": "6888603000008519fa16191d45031919"
              },
              {
                "attachments": [
                  {
                    "attached_at": "2025-03-20T14:20:22.560856",
                    "attached_mode": "rw",
                    "device_name": "/dev/vda",
                    "id": "476c6f55-de29-4381-b51b-7a4db66548c8",
                    "server_id": "4c9df61a-0306-4036-b3e2-68ceff0fd121"
                  }
                ],
                "availability_zone": "eu-de-03",
                "bootable": true,
                "create_at": "2025-03-20T14:20:16.804873",
                "description": "",
                "id": "91bf7962-5e90-4c33-976a-68e57267231b",
                "name": "ecs-prod_web-frontend",
                "service_type": "EVS",
                "shareable": false,
                "size": 50,
                "status": "in-use",
                "tags": {
                  "project": "peer_prod"
                },
                "update_at": "2025-08-11T02:02:54.387292",
                "volume_type": "GPSSD",
                "wwn": "68886030000033e1fa16191d45031919"
              },
              {
                "attachments": [
                  {
                    "attached_at": "2025-03-04T15:17:55.581129",
                    "attached_mode": "rw",
                    "device_name": "/dev/vda",
                    "id": "4f76e198-f66e-4075-ad7f-9ba07a1a9683",
                    "server_id": "29ef279d-55d6-403f-98ab-63859b09cbaf"
                  }
                ],
                "availability_zone": "eu-de-03",
                "bootable": true,
                "create_at": "2025-03-04T15:17:49.734002",
                "description": "",
                "id": "d01cdb06-e448-4941-a57f-b0616e331614",
                "name": "ecs-prod-admin",
                "service_type": "EVS",
                "shareable": false,
                "size": 50,
                "status": "in-use",
                "tags": {
                  "project": "peer_prod"
                },
                "update_at": "2025-08-12T17:01:44.829861",
                "volume_type": "GPSSD",
                "wwn": "68886030000002ddfa16191d45031919"
              },
              {
                "attachments": [
                  {
                    "attached_at": "2025-03-04T12:08:31.054566",
                    "attached_mode": "rw",
                    "device_name": "/dev/vda",
                    "id": "70628160-633d-4ddd-8ace-23ec2c5185dd",
                    "server_id": "349d2490-cfd9-4e2c-b4f0-a2c18efb0382"
                  }
                ],
                "availability_zone": "eu-de-03",
                "bootable": true,
                "create_at": "2025-03-04T12:08:25.331596",
                "description": "",
                "id": "531cfed3-b43e-4eed-b291-404533f7b163",
                "name": "ecs-prod-backend",
                "service_type": "EVS",
                "shareable": false,
                "size": 1000,
                "status": "in-use",
                "tags": {
                  "project": "peer_prod"
                },
                "update_at": "2025-08-12T17:01:45.116579",
                "volume_type": "GPSSD",
                "wwn": "6888603000003ec7fa16191d45031919"
              },
              {
                "attachments": [
                  {
                    "attached_at": "2025-03-04T10:55:53.225073",
                    "attached_mode": "rw",
                    "device_name": "/dev/vda",
                    "id": "43269dca-4908-44ff-8b74-395334888ab9",
                    "server_id": "a74ffa01-38c3-42dd-8b60-bf2ee6d662cc"
                  }
                ],
                "availability_zone": "eu-de-03",
                "bootable": true,
                "create_at": "2025-03-04T10:55:47.349640",
                "description": "",
                "id": "5ec8a593-8781-4fcc-bf31-b0ee31fec9b9",
                "name": "ecs-prod-jump",
                "service_type": "EVS",
                "shareable": false,
                "size": 50,
                "status": "in-use",
                "tags": {
                  "project": "peer_prod"
                },
                "update_at": "2025-03-04T10:56:15.000251",
                "volume_type": "GPSSD",
                "wwn": "6888603000009266fa16191d45031919"
              },
              {
                "attachments": [
                  {
                    "attached_at": "2024-12-12T10:54:47.492562",
                    "attached_mode": "rw",
                    "device_name": "/dev/vda",
                    "id": "19c072f0-bac8-4b5e-9d73-efa2e718b5ed",
                    "server_id": "87a5f22d-d596-4305-99d3-a5277aab207a"
                  }
                ],
                "availability_zone": "eu-de-03",
                "bootable": true,
                "create_at": "2024-12-12T10:54:42.077121",
                "description": "",
                "id": "299d9f91-bc38-469e-b5a8-1bdc9b79e275",
                "name": "ecs-website",
                "service_type": "EVS",
                "shareable": false,
                "size": 50,
                "status": "in-use",
                "tags": {
                  "project": "peer_beta"
                },
                "update_at": "2024-12-12T10:55:11.988957",
                "volume_type": "GPSSD",
                "wwn": "6888603000009b0cfa16191d45031919"
              },
              {
                "attachments": [
                  {
                    "attached_at": "2024-12-12T10:04:03.119669",
                    "attached_mode": "rw",
                    "device_name": "/dev/vda",
                    "id": "4aa85647-95eb-48ad-a8f7-20410907fb1c",
                    "server_id": "f07f6cbc-cbe8-42e3-80c3-67d3b8cc0a8c"
                  }
                ],
                "availability_zone": "eu-de-03",
                "bootable": true,
                "create_at": "2024-12-12T10:03:57.171779",
                "description": "",
                "id": "c7b4fb41-3ea2-4fcb-81b7-e4711bae0718",
                "name": "ecs-admin-testing",
                "service_type": "EVS",
                "shareable": false,
                "size": 50,
                "status": "in-use",
                "tags": {
                  "project": "peer_beta-testing"
                },
                "update_at": "2024-12-12T10:04:18.817516",
                "volume_type": "GPSSD",
                "wwn": "6888603000006329fa16191d45031919"
              },
              {
                "attachments": [
                  {
                    "attached_at": "2024-12-10T16:11:50.960380",
                    "attached_mode": "rw",
                    "device_name": "/dev/vda",
                    "id": "36e68769-726b-4fbf-a9f3-a937006178ed",
                    "server_id": "daa26951-e6b7-4e0e-86e0-32f9e669e838"
                  }
                ],
                "availability_zone": "eu-de-03",
                "bootable": true,
                "create_at": "2024-12-10T16:11:45.736680",
                "description": "",
                "id": "22436c21-f3ea-46a7-9421-2d5683bcb954",
                "name": "ecs-peer-web-testing",
                "service_type": "EVS",
                "shareable": false,
                "size": 50,
                "status": "in-use",
                "tags": {
                  "project": "peer_beta-testing"
                },
                "update_at": "2024-12-10T16:12:07.181279",
                "volume_type": "GPSSD",
                "wwn": "6888603000007cc3fa16191d45031919"
              },
              {
                "attachments": [
                  {
                    "attached_at": "2024-12-10T15:14:18.640680",
                    "attached_mode": "rw",
                    "device_name": "/dev/vda",
                    "id": "e74ae11e-174b-4345-b778-5753ddf02da4",
                    "server_id": "fd525b9c-11dd-4e9d-abb7-6ce4b513d602"
                  }
                ],
                "availability_zone": "eu-de-03",
                "bootable": true,
                "create_at": "2024-12-10T15:14:12.990401",
                "description": "",
                "id": "d7457911-383b-4b04-a802-e5541a256cda",
                "name": "ecs-jump-testing",
                "service_type": "EVS",
                "shareable": false,
                "size": 50,
                "status": "in-use",
                "tags": {
                  "project": "peer_beta-testing"
                },
                "update_at": "2024-12-10T15:14:42.790376",
                "volume_type": "GPSSD",
                "wwn": "6888603000002db3fa16191d45031919"
              },
              {
                "attachments": [
                  {
                    "attached_at": "2024-10-17T13:33:03.320359",
                    "attached_mode": "rw",
                    "device_name": "/dev/vda",
                    "id": "ee2a4cb2-b320-40a8-a8ab-68c5fe80ab0a",
                    "server_id": "444a37fc-6f04-4fb8-b55c-c3fdc3dba642"
                  }
                ],
                "availability_zone": "eu-de-03",
                "bootable": true,
                "create_at": "2024-10-17T13:32:46.951046",
                "description": "",
                "id": "ea32af0a-3824-4d28-b449-7457d0c2a0f5",
                "name": "ecs-frontend-web",
                "service_type": "EVS",
                "shareable": false,
                "size": 50,
                "status": "in-use",
                "tags": {
                  "project": "peer_beta"
                },
                "update_at": "2024-10-17T13:33:25.079093",
                "volume_type": "GPSSD",
                "wwn": "68886030000088e7fa16191d45031919"
              },
              {
                "attachments": [
                  {
                    "attached_at": "2024-10-07T15:02:34.064678",
                    "attached_mode": "rw",
                    "device_name": "/dev/vda",
                    "id": "8161ddd7-4c02-4abd-9976-b6861cf75660",
                    "server_id": "658e9751-4923-465f-8091-2c6257645a5b"
                  }
                ],
                "availability_zone": "eu-de-02",
                "bootable": true,
                "create_at": "2024-10-07T15:01:59.215927",
                "description": "",
                "id": "53754122-00fe-4318-a7be-b803d679c261",
                "name": "ecs-peer-admin-volume-0000",
                "service_type": "EVS",
                "shareable": false,
                "size": 50,
                "status": "in-use",
                "tags": {
                  "project": "peer_beta"
                },
                "update_at": "2025-08-12T17:01:44.572378",
                "volume_type": "GPSSD",
                "wwn": "6888603000271328fa167fd087948003"
              },
              {
                "attachments": [
                  {
                    "attached_at": "2024-10-04T15:19:12.660169",
                    "attached_mode": "rw",
                    "device_name": "/dev/vda",
                    "id": "e9c20709-3601-4c81-9339-7695e92e0106",
                    "server_id": "940014fb-b09d-4c43-b3b9-db2820342ba9"
                  }
                ],
                "availability_zone": "eu-de-03",
                "bootable": true,
                "create_at": "2024-10-04T15:18:42.116202",
                "description": "",
                "id": "02ebba9e-b9ac-4a4f-8d2c-5fc71773f81a",
                "name": "ecs-peer-web-volume-0000",
                "service_type": "EVS",
                "shareable": false,
                "size": 50,
                "status": "in-use",
                "tags": {
                  "project": "peer_beta"
                },
                "update_at": "2024-10-04T15:19:51.493158",
                "volume_type": "ESSD",
                "wwn": "6888603000000023fa16191d45031919"
              },
              {
                "attachments": [
                  {
                    "attached_at": "2024-10-04T14:43:01.953531",
                    "attached_mode": "rw",
                    "device_name": "/dev/vda",
                    "id": "bc5530d6-364e-4ae6-ba61-8fe231ead70a",
                    "server_id": "055f937b-0bb5-4905-b1b5-b053c161480a"
                  }
                ],
                "availability_zone": "eu-de-03",
                "bootable": true,
                "create_at": "2024-10-04T14:42:26.409715",
                "description": "",
                "id": "b0f6fe3f-a6b4-4c5f-ac78-9485808082dc",
                "name": "ecs-peer-jump-volume-0000",
                "service_type": "EVS",
                "shareable": false,
                "size": 50,
                "status": "in-use",
                "tags": {
                  "project": "peer_beta"
                },
                "update_at": "2024-10-04T14:43:36.012937",
                "volume_type": "GPSSD",
                "wwn": "6888603000008a32fa16191d45031919"
              }
            ]
          },
          "sensitive_attributes": [],
          "identity_schema_version": 0
        }
      ]
    },
    {
      "mode": "data",
      "type": "opentelekomcloud_networking_port_ids_v2",
      "name": "all",
      "provider": "provider[\"registry.terraform.io/opentelekomcloud/opentelekomcloud\"]",
      "instances": [
        {
          "schema_version": 0,
          "attributes": {
            "device_id": null,
            "device_owner": null,
            "fixed_ip": null,
            "id": "1928650870",
            "ids": [
              "0790568d-b9e2-4a9a-9025-21ddf991cc48",
              "19a25d81-bab5-4241-91be-c2b92ce93b65",
              "1ca90188-3e4f-4eca-ae88-160aa5481068",
              "1fdd28c2-1f57-4f59-93a6-50752741c4ec",
              "1ff2dde0-7e8f-42d0-9797-1fbd2cbf5dd1",
              "293f9e4e-dc97-4191-b36d-1eb0c7486035",
              "2a6d86d4-eaf9-4a57-b18f-af36760c4eb4",
              "2bf1cfbb-5e66-42c3-a49b-0b85353acddf",
              "36625f7e-c4fc-405c-aeed-f2ac4655c778",
              "395b146b-cf9a-4114-9a49-25a236064ae5",
              "437a47c2-bee0-4630-b355-f2d67f85097d",
              "43b6145f-1525-4746-980b-272c6a1bf7ea",
              "50ea4666-0764-44c3-b11a-ebedeadb205a",
              "58e7dce6-1241-46ad-b436-87577c1c3ee4",
              "607ff469-0f95-4b13-a44e-d55ff078469f",
              "609e00c1-f0be-468e-9af7-e851a4100442",
              "67d27c76-d02c-4d3a-882f-8076198fb308",
              "6ab37853-36b3-43be-ba26-d1bf37c8e8fb",
              "77fe3322-10ec-4881-8b60-8d4e6dfe15be",
              "806bdef6-7abc-4bc3-a0e4-85118ea5a56d",
              "8147cb5a-21d4-4afd-a58d-0d5e08d9a210",
              "8325dcec-210a-4fe2-979d-1caa0fcf666f",
              "83710b25-11aa-419c-bb65-4d9d031d734c",
              "841601e4-e345-4279-abc4-aa0bbd59e5f8",
              "8f60b980-8cdd-449e-a155-90ec0905d291",
              "9921d2dc-753b-43c9-a270-33cf2f964e4d",
              "9dee05af-52d0-49d8-af88-d095da974103",
              "9df13dbb-7c34-45d1-9312-729e70492485",
              "a5d0eca7-82a8-4e00-a973-83093951c5df",
              "a9fdaace-051c-4b20-9276-691ab9fc0397",
              "ab2b26f5-55c9-4527-a42a-b515b2fcf3d2",
              "aef685c3-d684-4016-b603-bec6a877e665",
              "b4263be0-37e1-4815-8326-3ab128364ce9",
              "b461ed0c-0f73-4518-b3e7-098d27b0295c",
              "b7501686-e7c7-4561-bb4a-570f6f972731",
              "b9b9ce27-1cc7-4c93-88bc-c995dbddd647",
              "be379a1c-2f68-482e-81cd-04a004e55fe7",
              "c0b01611-2371-4cdc-824a-85462695d864",
              "caf7dc15-faf7-420e-af0e-0c692a216fb0",
              "cba4fcbd-8f68-4601-ae0a-785bc244994e",
              "cf0bc239-9473-4f42-9c1a-1edc965b62bc",
              "d575a83c-0f38-41c1-8a1b-bcb2f2a30613",
              "d92bdd57-1e45-4b49-8458-9108fd0638c7",
              "dab86af4-478e-48b7-a8c8-31d49c5e2961",
              "dc630d3a-d638-4666-bf2e-8fbbc305d5f1",
              "dcb3cd66-864f-4d96-8621-74bef6044d03",
              "df7cd690-559b-4226-9c6b-0542fd98eee1",
              "e2553fcb-1fcc-419a-bf20-fdf38910af54",
              "e7edb316-169b-4b51-ac6a-4c67f7bd4611",
              "eb00aa68-66ed-47c5-afc7-fb3b65d5020c",
              "ec92dd6f-87c3-4d35-b79e-dc7be212657b",
              "efbc7990-112f-4040-95bd-9ee8e8554398",
              "f336ff44-e02b-47bf-8aae-18434afe6071",
              "fe0f5779-8487-49c2-9492-8fd96aba1b60"
            ],
            "mac_address": null,
            "name": null,
            "network_id": null,
            "project_id": null,
            "region": "eu-de",
            "security_group_ids": null,
            "sort_direction": null,
            "sort_key": null,
            "status": null,
            "tenant_id": null
          },
          "sensitive_attributes": [],
          "identity_schema_version": 0
        }
      ]
    },
    {
      "mode": "data",
      "type": "opentelekomcloud_networking_port_v2",
      "name": "port",
      "provider": "provider[\"registry.terraform.io/opentelekomcloud/opentelekomcloud\"]",
      "instances": [
        {
          "index_key": "0790568d-b9e2-4a9a-9025-21ddf991cc48",
          "schema_version": 0,
          "attributes": {
            "admin_state_up": true,
            "all_fixed_ips": [
              "10.50.50.254"
            ],
            "all_security_group_ids": [],
            "device_id": "",
            "device_owner": "network:dhcp",
            "fixed_ip": null,
            "id": "0790568d-b9e2-4a9a-9025-21ddf991cc48",
            "mac_address": "fa:16:3e:cd:77:ee",
            "name": "",
            "network_id": "43768ec1-f43b-4c28-97b3-98cd1408ebcc",
            "port_id": "0790568d-b9e2-4a9a-9025-21ddf991cc48",
            "project_id": "f9d69b5c90384a13a760b41c61a50dce",
            "region": "eu-de",
            "security_group_ids": null,
            "status": null,
            "tenant_id": "f9d69b5c90384a13a760b41c61a50dce"
          },
          "sensitive_attributes": [],
          "identity_schema_version": 0
        },
        {
          "index_key": "19a25d81-bab5-4241-91be-c2b92ce93b65",
          "schema_version": 0,
          "attributes": {
            "admin_state_up": true,
            "all_fixed_ips": [
              "192.168.1.1"
            ],
            "all_security_group_ids": [
              "c1113fee-510c-4180-b114-3af2ebd8f099"
            ],
            "device_id": "8165c92f-f183-4e22-a1c2-9df880276a11",
            "device_owner": "network:router_interface_distributed",
            "fixed_ip": null,
            "id": "19a25d81-bab5-4241-91be-c2b92ce93b65",
            "mac_address": "fa:16:3e:79:76:0a",
            "name": "b42e2e98-45f2-4ec8-94bf-4dd2d7ecf574",
            "network_id": "f347c51c-7f22-4a6c-800f-fd6d38686794",
            "port_id": "19a25d81-bab5-4241-91be-c2b92ce93b65",
            "project_id": "f9d69b5c90384a13a760b41c61a50dce",
            "region": "eu-de",
            "security_group_ids": null,
            "status": null,
            "tenant_id": "f9d69b5c90384a13a760b41c61a50dce"
          },
          "sensitive_attributes": [],
          "identity_schema_version": 0
        },
        {
          "index_key": "1ca90188-3e4f-4eca-ae88-160aa5481068",
          "schema_version": 0,
          "attributes": {
            "admin_state_up": true,
            "all_fixed_ips": [
              "172.16.0.1"
            ],
            "all_security_group_ids": [
              "c1113fee-510c-4180-b114-3af2ebd8f099"
            ],
            "device_id": "10f8c808-f6bf-47a8-b3c5-5910bc691900",
            "device_owner": "network:router_interface_distributed",
            "fixed_ip": null,
            "id": "1ca90188-3e4f-4eca-ae88-160aa5481068",
            "mac_address": "fa:16:3e:8a:d0:e7",
            "name": "da92bfcd-fbdb-40c4-976e-339446831330",
            "network_id": "090def60-f4da-434f-a374-78dc9817fb6e",
            "port_id": "1ca90188-3e4f-4eca-ae88-160aa5481068",
            "project_id": "f9d69b5c90384a13a760b41c61a50dce",
            "region": "eu-de",
            "security_group_ids": null,
            "status": null,
            "tenant_id": "f9d69b5c90384a13a760b41c61a50dce"
          },
          "sensitive_attributes": [],
          "identity_schema_version": 0
        },
        {
          "index_key": "1fdd28c2-1f57-4f59-93a6-50752741c4ec",
          "schema_version": 0,
          "attributes": {
            "admin_state_up": true,
            "all_fixed_ips": [
              "10.50.50.1"
            ],
            "all_security_group_ids": [
              "c1113fee-510c-4180-b114-3af2ebd8f099"
            ],
            "device_id": "cb43c4e5-e25c-4727-b7ce-6b9995edffac",
            "device_owner": "network:router_interface_distributed",
            "fixed_ip": null,
            "id": "1fdd28c2-1f57-4f59-93a6-50752741c4ec",
            "mac_address": "fa:16:3e:f4:43:ea",
            "name": "15df7a53-3edf-4316-a812-a47c7b0d63e7",
            "network_id": "43768ec1-f43b-4c28-97b3-98cd1408ebcc",
            "port_id": "1fdd28c2-1f57-4f59-93a6-50752741c4ec",
            "project_id": "f9d69b5c90384a13a760b41c61a50dce",
            "region": "eu-de",
            "security_group_ids": null,
            "status": null,
            "tenant_id": "f9d69b5c90384a13a760b41c61a50dce"
          },
          "sensitive_attributes": [],
          "identity_schema_version": 0
        },
        {
          "index_key": "1ff2dde0-7e8f-42d0-9797-1fbd2cbf5dd1",
          "schema_version": 0,
          "attributes": {
            "admin_state_up": true,
            "all_fixed_ips": [
              "10.5.0.241"
            ],
            "all_security_group_ids": [
              "abe07485-dd5e-4cb2-a88a-3b10c699a4ee"
            ],
            "device_id": "055f937b-0bb5-4905-b1b5-b053c161480a",
            "device_owner": "compute:eu-de-03",
            "fixed_ip": null,
            "id": "1ff2dde0-7e8f-42d0-9797-1fbd2cbf5dd1",
            "mac_address": "fa:16:3e:f4:ef:e0",
            "name": "",
            "network_id": "b3523510-8a93-4ad9-b5d7-2178464f1f65",
            "port_id": "1ff2dde0-7e8f-42d0-9797-1fbd2cbf5dd1",
            "project_id": "f9d69b5c90384a13a760b41c61a50dce",
            "region": "eu-de",
            "security_group_ids": null,
            "status": null,
            "tenant_id": "f9d69b5c90384a13a760b41c61a50dce"
          },
          "sensitive_attributes": [],
          "identity_schema_version": 0
        },
        {
          "index_key": "293f9e4e-dc97-4191-b36d-1eb0c7486035",
          "schema_version": 0,
          "attributes": {
            "admin_state_up": true,
            "all_fixed_ips": [
              "172.16.0.20"
            ],
            "all_security_group_ids": [
              "0eb84b89-678f-4cfd-98a4-c8c543aaeda6"
            ],
            "device_id": "bc66c2b9-b493-4a78-a4d6-8729ba0230c9",
            "device_owner": "compute:eu-de-03",
            "fixed_ip": null,
            "id": "293f9e4e-dc97-4191-b36d-1eb0c7486035",
            "mac_address": "fa:16:3e:10:00:14",
            "name": "",
            "network_id": "090def60-f4da-434f-a374-78dc9817fb6e",
            "port_id": "293f9e4e-dc97-4191-b36d-1eb0c7486035",
            "project_id": "f9d69b5c90384a13a760b41c61a50dce",
            "region": "eu-de",
            "security_group_ids": null,
            "status": null,
            "tenant_id": "f9d69b5c90384a13a760b41c61a50dce"
          },
          "sensitive_attributes": [],
          "identity_schema_version": 0
        },
        {
          "index_key": "2a6d86d4-eaf9-4a57-b18f-af36760c4eb4",
          "schema_version": 0,
          "attributes": {
            "admin_state_up": true,
            "all_fixed_ips": [
              "10.5.1.42"
            ],
            "all_security_group_ids": [
              "1e98dd1b-d695-4239-917e-b3d59e47880d"
            ],
            "device_id": "87a5f22d-d596-4305-99d3-a5277aab207a",
            "device_owner": "compute:eu-de-03",
            "fixed_ip": null,
            "id": "2a6d86d4-eaf9-4a57-b18f-af36760c4eb4",
            "mac_address": "fa:16:3e:f4:f0:19",
            "name": "",
            "network_id": "3089a379-4a7f-4147-aa5e-b2134d6327f7",
            "port_id": "2a6d86d4-eaf9-4a57-b18f-af36760c4eb4",
            "project_id": "f9d69b5c90384a13a760b41c61a50dce",
            "region": "eu-de",
            "security_group_ids": null,
            "status": null,
            "tenant_id": "f9d69b5c90384a13a760b41c61a50dce"
          },
          "sensitive_attributes": [],
          "identity_schema_version": 0
        },
        {
          "index_key": "2bf1cfbb-5e66-42c3-a49b-0b85353acddf",
          "schema_version": 0,
          "attributes": {
            "admin_state_up": false,
            "all_fixed_ips": [
              "172.16.10.91"
            ],
            "all_security_group_ids": [
              "c1113fee-510c-4180-b114-3af2ebd8f099"
            ],
            "device_id": "f310bbe4-fb86-42e3-acc5-7a8ad5a81fe7",
            "device_owner": "neutron:LOADBALANCERV2",
            "fixed_ip": null,
            "id": "2bf1cfbb-5e66-42c3-a49b-0b85353acddf",
            "mac_address": "fa:16:5f:f9:a0:00",
            "name": "loadbalancer-f310bbe4-fb86-42e3-acc5-7a8ad5a81fe7",
            "network_id": "048d9e09-4c22-41a4-97f1-793efa67f865",
            "port_id": "2bf1cfbb-5e66-42c3-a49b-0b85353acddf",
            "project_id": "f9d69b5c90384a13a760b41c61a50dce",
            "region": "eu-de",
            "security_group_ids": null,
            "status": null,
            "tenant_id": "f9d69b5c90384a13a760b41c61a50dce"
          },
          "sensitive_attributes": [],
          "identity_schema_version": 0
        },
        {
          "index_key": "36625f7e-c4fc-405c-aeed-f2ac4655c778",
          "schema_version": 0,
          "attributes": {
            "admin_state_up": true,
            "all_fixed_ips": [
              "10.5.1.244"
            ],
            "all_security_group_ids": [
              "4f14fba4-ea42-4ebd-9ff1-16611d07a8e4"
            ],
            "device_id": "658e9751-4923-465f-8091-2c6257645a5b",
            "device_owner": "compute:eu-de-02",
            "fixed_ip": null,
            "id": "36625f7e-c4fc-405c-aeed-f2ac4655c778",
            "mac_address": "fa:16:3e:f4:f0:e3",
            "name": "",
            "network_id": "3089a379-4a7f-4147-aa5e-b2134d6327f7",
            "port_id": "36625f7e-c4fc-405c-aeed-f2ac4655c778",
            "project_id": "f9d69b5c90384a13a760b41c61a50dce",
            "region": "eu-de",
            "security_group_ids": null,
            "status": null,
            "tenant_id": "f9d69b5c90384a13a760b41c61a50dce"
          },
          "sensitive_attributes": [],
          "identity_schema_version": 0
        },
        {
          "index_key": "395b146b-cf9a-4114-9a49-25a236064ae5",
          "schema_version": 0,
          "attributes": {
            "admin_state_up": true,
            "all_fixed_ips": [
              "172.16.20.156"
            ],
            "all_security_group_ids": [
              "cc76cd06-5c73-4833-bb8b-5587f29abab0"
            ],
            "device_id": "0e098681-9464-446a-b0d4-eada436ef036",
            "device_owner": "compute:eu-de-03",
            "fixed_ip": null,
            "id": "395b146b-cf9a-4114-9a49-25a236064ae5",
            "mac_address": "fa:16:3e:10:14:9c",
            "name": "dbs_0e098681-9464-446a-b0d4-eada436ef036",
            "network_id": "4e1a7d6f-1c96-428e-bc8c-380024bd5f6a",
            "port_id": "395b146b-cf9a-4114-9a49-25a236064ae5",
            "project_id": "f9d69b5c90384a13a760b41c61a50dce",
            "region": "eu-de",
            "security_group_ids": null,
            "status": null,
            "tenant_id": "f9d69b5c90384a13a760b41c61a50dce"
          },
          "sensitive_attributes": [],
          "identity_schema_version": 0
        },
        {
          "index_key": "437a47c2-bee0-4630-b355-f2d67f85097d",
          "schema_version": 0,
          "attributes": {
            "admin_state_up": true,
            "all_fixed_ips": [
              "10.5.2.71"
            ],
            "all_security_group_ids": [
              "05879954-6c44-48eb-9497-c87512321460"
            ],
            "device_id": "aff5f984-524b-4078-92bc-218d781dd70f",
            "device_owner": "compute:eu-de-02",
            "fixed_ip": null,
            "id": "437a47c2-bee0-4630-b355-f2d67f85097d",
            "mac_address": "fa:16:3e:f4:f1:36",
            "name": "dbs_aff5f984-524b-4078-92bc-218d781dd70f",
            "network_id": "ae7211cf-a76b-45b9-a291-351768e4d954",
            "port_id": "437a47c2-bee0-4630-b355-f2d67f85097d",
            "project_id": "f9d69b5c90384a13a760b41c61a50dce",
            "region": "eu-de",
            "security_group_ids": null,
            "status": null,
            "tenant_id": "f9d69b5c90384a13a760b41c61a50dce"
          },
          "sensitive_attributes": [],
          "identity_schema_version": 0
        },
        {
          "index_key": "43b6145f-1525-4746-980b-272c6a1bf7ea",
          "schema_version": 0,
          "attributes": {
            "admin_state_up": true,
            "all_fixed_ips": [
              "192.168.1.254"
            ],
            "all_security_group_ids": [],
            "device_id": "",
            "device_owner": "network:dhcp",
            "fixed_ip": null,
            "id": "43b6145f-1525-4746-980b-272c6a1bf7ea",
            "mac_address": "fa:16:3e:4d:f8:31",
            "name": "",
            "network_id": "f347c51c-7f22-4a6c-800f-fd6d38686794",
            "port_id": "43b6145f-1525-4746-980b-272c6a1bf7ea",
            "project_id": "f9d69b5c90384a13a760b41c61a50dce",
            "region": "eu-de",
            "security_group_ids": null,
            "status": null,
            "tenant_id": "f9d69b5c90384a13a760b41c61a50dce"
          },
          "sensitive_attributes": [],
          "identity_schema_version": 0
        },
        {
          "index_key": "50ea4666-0764-44c3-b11a-ebedeadb205a",
          "schema_version": 0,
          "attributes": {
            "admin_state_up": true,
            "all_fixed_ips": [
              "192.168.2.1"
            ],
            "all_security_group_ids": [
              "c1113fee-510c-4180-b114-3af2ebd8f099"
            ],
            "device_id": "8165c92f-f183-4e22-a1c2-9df880276a11",
            "device_owner": "network:router_interface_distributed",
            "fixed_ip": null,
            "id": "50ea4666-0764-44c3-b11a-ebedeadb205a",
            "mac_address": "fa:16:3e:78:cf:e7",
            "name": "9f4d41cb-1a40-4520-9e89-a3ada8acffa1",
            "network_id": "d0c4899f-b567-4d33-bb17-4e28d926cbc5",
            "port_id": "50ea4666-0764-44c3-b11a-ebedeadb205a",
            "project_id": "f9d69b5c90384a13a760b41c61a50dce",
            "region": "eu-de",
            "security_group_ids": null,
            "status": null,
            "tenant_id": "f9d69b5c90384a13a760b41c61a50dce"
          },
          "sensitive_attributes": [],
          "identity_schema_version": 0
        },
        {
          "index_key": "58e7dce6-1241-46ad-b436-87577c1c3ee4",
          "schema_version": 0,
          "attributes": {
            "admin_state_up": true,
            "all_fixed_ips": [
              "172.16.10.240"
            ],
            "all_security_group_ids": [
              "0eb84b89-678f-4cfd-98a4-c8c543aaeda6"
            ],
            "device_id": "f07f6cbc-cbe8-42e3-80c3-67d3b8cc0a8c",
            "device_owner": "compute:eu-de-03",
            "fixed_ip": null,
            "id": "58e7dce6-1241-46ad-b436-87577c1c3ee4",
            "mac_address": "fa:16:3e:10:0a:f0",
            "name": "",
            "network_id": "048d9e09-4c22-41a4-97f1-793efa67f865",
            "port_id": "58e7dce6-1241-46ad-b436-87577c1c3ee4",
            "project_id": "f9d69b5c90384a13a760b41c61a50dce",
            "region": "eu-de",
            "security_group_ids": null,
            "status": null,
            "tenant_id": "f9d69b5c90384a13a760b41c61a50dce"
          },
          "sensitive_attributes": [],
          "identity_schema_version": 0
        },
        {
          "index_key": "607ff469-0f95-4b13-a44e-d55ff078469f",
          "schema_version": 0,
          "attributes": {
            "admin_state_up": false,
            "all_fixed_ips": [
              "192.168.1.110"
            ],
            "all_security_group_ids": [
              "c1113fee-510c-4180-b114-3af2ebd8f099"
            ],
            "device_id": "575a658a-e02a-41cd-bf70-98c503d9785d",
            "device_owner": "neutron:LOADBALANCERV2",
            "fixed_ip": null,
            "id": "607ff469-0f95-4b13-a44e-d55ff078469f",
            "mac_address": "fa:16:5f:8c:0f:df",
            "name": "loadbalancer-575a658a-e02a-41cd-bf70-98c503d9785d",
            "network_id": "f347c51c-7f22-4a6c-800f-fd6d38686794",
            "port_id": "607ff469-0f95-4b13-a44e-d55ff078469f",
            "project_id": "f9d69b5c90384a13a760b41c61a50dce",
            "region": "eu-de",
            "security_group_ids": null,
            "status": null,
            "tenant_id": "f9d69b5c90384a13a760b41c61a50dce"
          },
          "sensitive_attributes": [],
          "identity_schema_version": 0
        },
        {
          "index_key": "609e00c1-f0be-468e-9af7-e851a4100442",
          "schema_version": 0,
          "attributes": {
            "admin_state_up": true,
            "all_fixed_ips": [
              "192.168.0.109"
            ],
            "all_security_group_ids": [],
            "device_id": "2f77e0de-bc99-421e-9e6b-ed7c07518ed2",
            "device_owner": "network:nat_gateway",
            "fixed_ip": null,
            "id": "609e00c1-f0be-468e-9af7-e851a4100442",
            "mac_address": "fa:16:3e:b9:11:7e",
            "name": "NAT_GATEWAYTAGS",
            "network_id": "5617d4bf-1911-4f4a-a6e8-9d1a81d5ff7f",
            "port_id": "609e00c1-f0be-468e-9af7-e851a4100442",
            "project_id": "f9d69b5c90384a13a760b41c61a50dce",
            "region": "eu-de",
            "security_group_ids": null,
            "status": null,
            "tenant_id": "f9d69b5c90384a13a760b41c61a50dce"
          },
          "sensitive_attributes": [],
          "identity_schema_version": 0
        },
        {
          "index_key": "67d27c76-d02c-4d3a-882f-8076198fb308",
          "schema_version": 0,
          "attributes": {
            "admin_state_up": true,
            "all_fixed_ips": [
              "10.50.1.150"
            ],
            "all_security_group_ids": [
              "05eb0a9e-2d1f-4fc4-820c-fe13399a9d75"
            ],
            "device_id": "8f0dbccb-d06f-49ef-9e88-f4d1af5c7342",
            "device_owner": "compute:eu-de-03",
            "fixed_ip": null,
            "id": "67d27c76-d02c-4d3a-882f-8076198fb308",
            "mac_address": "fa:16:3e:de:ad:42",
            "name": "",
            "network_id": "536f3d94-35f2-4aca-9116-16a76d0b91c4",
            "port_id": "67d27c76-d02c-4d3a-882f-8076198fb308",
            "project_id": "f9d69b5c90384a13a760b41c61a50dce",
            "region": "eu-de",
            "security_group_ids": null,
            "status": null,
            "tenant_id": "f9d69b5c90384a13a760b41c61a50dce"
          },
          "sensitive_attributes": [],
          "identity_schema_version": 0
        },
        {
          "index_key": "6ab37853-36b3-43be-ba26-d1bf37c8e8fb",
          "schema_version": 0,
          "attributes": {
            "admin_state_up": true,
            "all_fixed_ips": [
              "172.16.0.17"
            ],
            "all_security_group_ids": [
              "170caca7-fbb5-4ade-9a25-ce976d9ed82b"
            ],
            "device_id": "fd525b9c-11dd-4e9d-abb7-6ce4b513d602",
            "device_owner": "compute:eu-de-03",
            "fixed_ip": null,
            "id": "6ab37853-36b3-43be-ba26-d1bf37c8e8fb",
            "mac_address": "fa:16:3e:10:00:11",
            "name": "",
            "network_id": "090def60-f4da-434f-a374-78dc9817fb6e",
            "port_id": "6ab37853-36b3-43be-ba26-d1bf37c8e8fb",
            "project_id": "f9d69b5c90384a13a760b41c61a50dce",
            "region": "eu-de",
            "security_group_ids": null,
            "status": null,
            "tenant_id": "f9d69b5c90384a13a760b41c61a50dce"
          },
          "sensitive_attributes": [],
          "identity_schema_version": 0
        },
        {
          "index_key": "77fe3322-10ec-4881-8b60-8d4e6dfe15be",
          "schema_version": 0,
          "attributes": {
            "admin_state_up": true,
            "all_fixed_ips": [
              "172.16.20.1"
            ],
            "all_security_group_ids": [
              "c1113fee-510c-4180-b114-3af2ebd8f099"
            ],
            "device_id": "10f8c808-f6bf-47a8-b3c5-5910bc691900",
            "device_owner": "network:router_interface_distributed",
            "fixed_ip": null,
            "id": "77fe3322-10ec-4881-8b60-8d4e6dfe15be",
            "mac_address": "fa:16:3e:7a:93:a8",
            "name": "7d2dd8db-38e5-4526-ace9-d6bddd573e88",
            "network_id": "4e1a7d6f-1c96-428e-bc8c-380024bd5f6a",
            "port_id": "77fe3322-10ec-4881-8b60-8d4e6dfe15be",
            "project_id": "f9d69b5c90384a13a760b41c61a50dce",
            "region": "eu-de",
            "security_group_ids": null,
            "status": null,
            "tenant_id": "f9d69b5c90384a13a760b41c61a50dce"
          },
          "sensitive_attributes": [],
          "identity_schema_version": 0
        },
        {
          "index_key": "806bdef6-7abc-4bc3-a0e4-85118ea5a56d",
          "schema_version": 0,
          "attributes": {
            "admin_state_up": true,
            "all_fixed_ips": [
              "172.16.20.48"
            ],
            "all_security_group_ids": [
              "cc76cd06-5c73-4833-bb8b-5587f29abab0"
            ],
            "device_id": "75eaedd4-3721-4001-9bbe-677050a4b70e",
            "device_owner": "compute:eu-de-01",
            "fixed_ip": null,
            "id": "806bdef6-7abc-4bc3-a0e4-85118ea5a56d",
            "mac_address": "fa:16:3e:10:14:30",
            "name": "dbs_75eaedd4-3721-4001-9bbe-677050a4b70e",
            "network_id": "4e1a7d6f-1c96-428e-bc8c-380024bd5f6a",
            "port_id": "806bdef6-7abc-4bc3-a0e4-85118ea5a56d",
            "project_id": "f9d69b5c90384a13a760b41c61a50dce",
            "region": "eu-de",
            "security_group_ids": null,
            "status": null,
            "tenant_id": "f9d69b5c90384a13a760b41c61a50dce"
          },
          "sensitive_attributes": [],
          "identity_schema_version": 0
        },
        {
          "index_key": "8147cb5a-21d4-4afd-a58d-0d5e08d9a210",
          "schema_version": 0,
          "attributes": {
            "admin_state_up": true,
            "all_fixed_ips": [
              "10.5.0.254"
            ],
            "all_security_group_ids": [],
            "device_id": "",
            "device_owner": "network:dhcp",
            "fixed_ip": null,
            "id": "8147cb5a-21d4-4afd-a58d-0d5e08d9a210",
            "mac_address": "fa:16:3e:67:4a:8f",
            "name": "",
            "network_id": "b3523510-8a93-4ad9-b5d7-2178464f1f65",
            "port_id": "8147cb5a-21d4-4afd-a58d-0d5e08d9a210",
            "project_id": "f9d69b5c90384a13a760b41c61a50dce",
            "region": "eu-de",
            "security_group_ids": null,
            "status": null,
            "tenant_id": "f9d69b5c90384a13a760b41c61a50dce"
          },
          "sensitive_attributes": [],
          "identity_schema_version": 0
        },
        {
          "index_key": "8325dcec-210a-4fe2-979d-1caa0fcf666f",
          "schema_version": 0,
          "attributes": {
            "admin_state_up": true,
            "all_fixed_ips": [
              "172.16.0.203"
            ],
            "all_security_group_ids": [],
            "device_id": "60139ab3-c529-4a32-b446-aaa12fa04d5a",
            "device_owner": "network:nat_gateway",
            "fixed_ip": null,
            "id": "8325dcec-210a-4fe2-979d-1caa0fcf666f",
            "mac_address": "fa:16:3e:10:00:cb",
            "name": "NAT_GATEWAYTAGS",
            "network_id": "090def60-f4da-434f-a374-78dc9817fb6e",
            "port_id": "8325dcec-210a-4fe2-979d-1caa0fcf666f",
            "project_id": "f9d69b5c90384a13a760b41c61a50dce",
            "region": "eu-de",
            "security_group_ids": null,
            "status": null,
            "tenant_id": "f9d69b5c90384a13a760b41c61a50dce"
          },
          "sensitive_attributes": [],
          "identity_schema_version": 0
        },
        {
          "index_key": "83710b25-11aa-419c-bb65-4d9d031d734c",
          "schema_version": 0,
          "attributes": {
            "admin_state_up": true,
            "all_fixed_ips": [
              "192.168.0.65"
            ],
            "all_security_group_ids": [
              "2b7ee980-efc2-4199-98ad-0a375c3ba291"
            ],
            "device_id": "a74ffa01-38c3-42dd-8b60-bf2ee6d662cc",
            "device_owner": "compute:eu-de-03",
            "fixed_ip": null,
            "id": "83710b25-11aa-419c-bb65-4d9d031d734c",
            "mac_address": "fa:16:3e:b9:11:52",
            "name": "",
            "network_id": "5617d4bf-1911-4f4a-a6e8-9d1a81d5ff7f",
            "port_id": "83710b25-11aa-419c-bb65-4d9d031d734c",
            "project_id": "f9d69b5c90384a13a760b41c61a50dce",
            "region": "eu-de",
            "security_group_ids": null,
            "status": null,
            "tenant_id": "f9d69b5c90384a13a760b41c61a50dce"
          },
          "sensitive_attributes": [],
          "identity_schema_version": 0
        },
        {
          "index_key": "841601e4-e345-4279-abc4-aa0bbd59e5f8",
          "schema_version": 0,
          "attributes": {
            "admin_state_up": true,
            "all_fixed_ips": [
              "172.16.0.254"
            ],
            "all_security_group_ids": [],
            "device_id": "",
            "device_owner": "network:dhcp",
            "fixed_ip": null,
            "id": "841601e4-e345-4279-abc4-aa0bbd59e5f8",
            "mac_address": "fa:16:3e:2c:16:71",
            "name": "",
            "network_id": "090def60-f4da-434f-a374-78dc9817fb6e",
            "port_id": "841601e4-e345-4279-abc4-aa0bbd59e5f8",
            "project_id": "f9d69b5c90384a13a760b41c61a50dce",
            "region": "eu-de",
            "security_group_ids": null,
            "status": null,
            "tenant_id": "f9d69b5c90384a13a760b41c61a50dce"
          },
          "sensitive_attributes": [],
          "identity_schema_version": 0
        },
        {
          "index_key": "8f60b980-8cdd-449e-a155-90ec0905d291",
          "schema_version": 0,
          "attributes": {
            "admin_state_up": true,
            "all_fixed_ips": [
              "10.5.2.254"
            ],
            "all_security_group_ids": [],
            "device_id": "",
            "device_owner": "network:dhcp",
            "fixed_ip": null,
            "id": "8f60b980-8cdd-449e-a155-90ec0905d291",
            "mac_address": "fa:16:3e:6b:73:e7",
            "name": "",
            "network_id": "ae7211cf-a76b-45b9-a291-351768e4d954",
            "port_id": "8f60b980-8cdd-449e-a155-90ec0905d291",
            "project_id": "f9d69b5c90384a13a760b41c61a50dce",
            "region": "eu-de",
            "security_group_ids": null,
            "status": null,
            "tenant_id": "f9d69b5c90384a13a760b41c61a50dce"
          },
          "sensitive_attributes": [],
          "identity_schema_version": 0
        },
        {
          "index_key": "9921d2dc-753b-43c9-a270-33cf2f964e4d",
          "schema_version": 0,
          "attributes": {
            "admin_state_up": true,
            "all_fixed_ips": [
              "192.168.0.1"
            ],
            "all_security_group_ids": [
              "c1113fee-510c-4180-b114-3af2ebd8f099"
            ],
            "device_id": "8165c92f-f183-4e22-a1c2-9df880276a11",
            "device_owner": "network:router_interface_distributed",
            "fixed_ip": null,
            "id": "9921d2dc-753b-43c9-a270-33cf2f964e4d",
            "mac_address": "fa:16:3e:e7:0a:ec",
            "name": "43681d41-0d60-48b9-9817-6a712612fe3f",
            "network_id": "5617d4bf-1911-4f4a-a6e8-9d1a81d5ff7f",
            "port_id": "9921d2dc-753b-43c9-a270-33cf2f964e4d",
            "project_id": "f9d69b5c90384a13a760b41c61a50dce",
            "region": "eu-de",
            "security_group_ids": null,
            "status": null,
            "tenant_id": "f9d69b5c90384a13a760b41c61a50dce"
          },
          "sensitive_attributes": [],
          "identity_schema_version": 0
        },
        {
          "index_key": "9dee05af-52d0-49d8-af88-d095da974103",
          "schema_version": 0,
          "attributes": {
            "admin_state_up": true,
            "all_fixed_ips": [
              "172.16.20.36"
            ],
            "all_security_group_ids": [
              "cc76cd06-5c73-4833-bb8b-5587f29abab0"
            ],
            "device_id": "",
            "device_owner": "neutron:VIP_PORT",
            "fixed_ip": null,
            "id": "9dee05af-52d0-49d8-af88-d095da974103",
            "mac_address": "fa:16:3e:10:14:24",
            "name": "",
            "network_id": "4e1a7d6f-1c96-428e-bc8c-380024bd5f6a",
            "port_id": "9dee05af-52d0-49d8-af88-d095da974103",
            "project_id": "f9d69b5c90384a13a760b41c61a50dce",
            "region": "eu-de",
            "security_group_ids": null,
            "status": null,
            "tenant_id": "f9d69b5c90384a13a760b41c61a50dce"
          },
          "sensitive_attributes": [],
          "identity_schema_version": 0
        },
        {
          "index_key": "9df13dbb-7c34-45d1-9312-729e70492485",
          "schema_version": 0,
          "attributes": {
            "admin_state_up": true,
            "all_fixed_ips": [
              "192.168.1.183"
            ],
            "all_security_group_ids": [
              "a04d74f1-879a-4c55-8d07-033c8db98065"
            ],
            "device_id": "349d2490-cfd9-4e2c-b4f0-a2c18efb0382",
            "device_owner": "compute:eu-de-03",
            "fixed_ip": null,
            "id": "9df13dbb-7c34-45d1-9312-729e70492485",
            "mac_address": "fa:16:3e:b9:12:c8",
            "name": "",
            "network_id": "f347c51c-7f22-4a6c-800f-fd6d38686794",
            "port_id": "9df13dbb-7c34-45d1-9312-729e70492485",
            "project_id": "f9d69b5c90384a13a760b41c61a50dce",
            "region": "eu-de",
            "security_group_ids": null,
            "status": null,
            "tenant_id": "f9d69b5c90384a13a760b41c61a50dce"
          },
          "sensitive_attributes": [],
          "identity_schema_version": 0
        },
        {
          "index_key": "a5d0eca7-82a8-4e00-a973-83093951c5df",
          "schema_version": 0,
          "attributes": {
            "admin_state_up": true,
            "all_fixed_ips": [
              "10.50.1.254"
            ],
            "all_security_group_ids": [],
            "device_id": "",
            "device_owner": "network:dhcp",
            "fixed_ip": null,
            "id": "a5d0eca7-82a8-4e00-a973-83093951c5df",
            "mac_address": "fa:16:3e:dc:45:b1",
            "name": "",
            "network_id": "536f3d94-35f2-4aca-9116-16a76d0b91c4",
            "port_id": "a5d0eca7-82a8-4e00-a973-83093951c5df",
            "project_id": "f9d69b5c90384a13a760b41c61a50dce",
            "region": "eu-de",
            "security_group_ids": null,
            "status": null,
            "tenant_id": "f9d69b5c90384a13a760b41c61a50dce"
          },
          "sensitive_attributes": [],
          "identity_schema_version": 0
        },
        {
          "index_key": "a9fdaace-051c-4b20-9276-691ab9fc0397",
          "schema_version": 0,
          "attributes": {
            "admin_state_up": true,
            "all_fixed_ips": [
              "10.5.1.1"
            ],
            "all_security_group_ids": [
              "c1113fee-510c-4180-b114-3af2ebd8f099"
            ],
            "device_id": "700af767-115d-43b8-8886-a6a4a63d59ef",
            "device_owner": "network:router_interface_distributed",
            "fixed_ip": null,
            "id": "a9fdaace-051c-4b20-9276-691ab9fc0397",
            "mac_address": "fa:16:3e:04:9a:bf",
            "name": "81493971-bb32-4fa6-9e8a-dc50f7a63486",
            "network_id": "3089a379-4a7f-4147-aa5e-b2134d6327f7",
            "port_id": "a9fdaace-051c-4b20-9276-691ab9fc0397",
            "project_id": "f9d69b5c90384a13a760b41c61a50dce",
            "region": "eu-de",
            "security_group_ids": null,
            "status": null,
            "tenant_id": "f9d69b5c90384a13a760b41c61a50dce"
          },
          "sensitive_attributes": [],
          "identity_schema_version": 0
        },
        {
          "index_key": "ab2b26f5-55c9-4527-a42a-b515b2fcf3d2",
          "schema_version": 0,
          "attributes": {
            "admin_state_up": true,
            "all_fixed_ips": [
              "192.168.2.164"
            ],
            "all_security_group_ids": [
              "87989c4f-e258-4a8c-a01e-ead42a4f6632"
            ],
            "device_id": "981d3c45-29f8-4aab-a081-147f73890612",
            "device_owner": "compute:eu-de-01",
            "fixed_ip": null,
            "id": "ab2b26f5-55c9-4527-a42a-b515b2fcf3d2",
            "mac_address": "fa:16:3e:b9:13:b5",
            "name": "dbs_981d3c45-29f8-4aab-a081-147f73890612",
            "network_id": "d0c4899f-b567-4d33-bb17-4e28d926cbc5",
            "port_id": "ab2b26f5-55c9-4527-a42a-b515b2fcf3d2",
            "project_id": "f9d69b5c90384a13a760b41c61a50dce",
            "region": "eu-de",
            "security_group_ids": null,
            "status": null,
            "tenant_id": "f9d69b5c90384a13a760b41c61a50dce"
          },
          "sensitive_attributes": [],
          "identity_schema_version": 0
        },
        {
          "index_key": "aef685c3-d684-4016-b603-bec6a877e665",
          "schema_version": 0,
          "attributes": {
            "admin_state_up": true,
            "all_fixed_ips": [
              "10.5.2.1"
            ],
            "all_security_group_ids": [
              "c1113fee-510c-4180-b114-3af2ebd8f099"
            ],
            "device_id": "700af767-115d-43b8-8886-a6a4a63d59ef",
            "device_owner": "network:router_interface_distributed",
            "fixed_ip": null,
            "id": "aef685c3-d684-4016-b603-bec6a877e665",
            "mac_address": "fa:16:3e:24:c0:ea",
            "name": "9a1a7c23-c024-420d-bece-3ab50296b2ff",
            "network_id": "ae7211cf-a76b-45b9-a291-351768e4d954",
            "port_id": "aef685c3-d684-4016-b603-bec6a877e665",
            "project_id": "f9d69b5c90384a13a760b41c61a50dce",
            "region": "eu-de",
            "security_group_ids": null,
            "status": null,
            "tenant_id": "f9d69b5c90384a13a760b41c61a50dce"
          },
          "sensitive_attributes": [],
          "identity_schema_version": 0
        },
        {
          "index_key": "b4263be0-37e1-4815-8326-3ab128364ce9",
          "schema_version": 0,
          "attributes": {
            "admin_state_up": true,
            "all_fixed_ips": [
              "10.5.0.128"
            ],
            "all_security_group_ids": [],
            "device_id": "fea334e5-551e-4e6f-873c-32016fb71755",
            "device_owner": "network:nat_gateway",
            "fixed_ip": null,
            "id": "b4263be0-37e1-4815-8326-3ab128364ce9",
            "mac_address": "fa:16:3e:f4:ef:6f",
            "name": "NAT_GATEWAYTAGS",
            "network_id": "b3523510-8a93-4ad9-b5d7-2178464f1f65",
            "port_id": "b4263be0-37e1-4815-8326-3ab128364ce9",
            "project_id": "f9d69b5c90384a13a760b41c61a50dce",
            "region": "eu-de",
            "security_group_ids": null,
            "status": null,
            "tenant_id": "f9d69b5c90384a13a760b41c61a50dce"
          },
          "sensitive_attributes": [],
          "identity_schema_version": 0
        },
        {
          "index_key": "b461ed0c-0f73-4518-b3e7-098d27b0295c",
          "schema_version": 0,
          "attributes": {
            "admin_state_up": true,
            "all_fixed_ips": [
              "172.16.10.241"
            ],
            "all_security_group_ids": [
              "0eb84b89-678f-4cfd-98a4-c8c543aaeda6"
            ],
            "device_id": "f07f6cbc-cbe8-42e3-80c3-67d3b8cc0a8c",
            "device_owner": "compute:eu-de-03",
            "fixed_ip": null,
            "id": "b461ed0c-0f73-4518-b3e7-098d27b0295c",
            "mac_address": "fa:16:3e:10:0a:f1",
            "name": "",
            "network_id": "048d9e09-4c22-41a4-97f1-793efa67f865",
            "port_id": "b461ed0c-0f73-4518-b3e7-098d27b0295c",
            "project_id": "f9d69b5c90384a13a760b41c61a50dce",
            "region": "eu-de",
            "security_group_ids": null,
            "status": null,
            "tenant_id": "f9d69b5c90384a13a760b41c61a50dce"
          },
          "sensitive_attributes": [],
          "identity_schema_version": 0
        },
        {
          "index_key": "b7501686-e7c7-4561-bb4a-570f6f972731",
          "schema_version": 0,
          "attributes": {
            "admin_state_up": true,
            "all_fixed_ips": [
              "10.50.1.1"
            ],
            "all_security_group_ids": [
              "c1113fee-510c-4180-b114-3af2ebd8f099"
            ],
            "device_id": "cb43c4e5-e25c-4727-b7ce-6b9995edffac",
            "device_owner": "network:router_interface_distributed",
            "fixed_ip": null,
            "id": "b7501686-e7c7-4561-bb4a-570f6f972731",
            "mac_address": "fa:16:3e:f7:26:83",
            "name": "9dc18541-7290-43e4-98d5-9c99519d10c9",
            "network_id": "536f3d94-35f2-4aca-9116-16a76d0b91c4",
            "port_id": "b7501686-e7c7-4561-bb4a-570f6f972731",
            "project_id": "f9d69b5c90384a13a760b41c61a50dce",
            "region": "eu-de",
            "security_group_ids": null,
            "status": null,
            "tenant_id": "f9d69b5c90384a13a760b41c61a50dce"
          },
          "sensitive_attributes": [],
          "identity_schema_version": 0
        },
        {
          "index_key": "b9b9ce27-1cc7-4c93-88bc-c995dbddd647",
          "schema_version": 0,
          "attributes": {
            "admin_state_up": true,
            "all_fixed_ips": [
              "10.50.1.100"
            ],
            "all_security_group_ids": [
              "2bb26324-3989-4458-a614-8425cc6cd21a",
              "c1113fee-510c-4180-b114-3af2ebd8f099"
            ],
            "device_id": "d2f50d51-52e3-4163-b8bb-6edd0b569ad4",
            "device_owner": "compute:eu-de-03",
            "fixed_ip": null,
            "id": "b9b9ce27-1cc7-4c93-88bc-c995dbddd647",
            "mac_address": "fa:16:3e:de:ad:10",
            "name": "",
            "network_id": "536f3d94-35f2-4aca-9116-16a76d0b91c4",
            "port_id": "b9b9ce27-1cc7-4c93-88bc-c995dbddd647",
            "project_id": "f9d69b5c90384a13a760b41c61a50dce",
            "region": "eu-de",
            "security_group_ids": null,
            "status": null,
            "tenant_id": "f9d69b5c90384a13a760b41c61a50dce"
          },
          "sensitive_attributes": [],
          "identity_schema_version": 0
        },
        {
          "index_key": "be379a1c-2f68-482e-81cd-04a004e55fe7",
          "schema_version": 0,
          "attributes": {
            "admin_state_up": true,
            "all_fixed_ips": [
              "192.168.2.92"
            ],
            "all_security_group_ids": [
              "87989c4f-e258-4a8c-a01e-ead42a4f6632"
            ],
            "device_id": "18444996-dd87-472a-abb2-61c23707c3a2",
            "device_owner": "compute:eu-de-03",
            "fixed_ip": null,
            "id": "be379a1c-2f68-482e-81cd-04a004e55fe7",
            "mac_address": "fa:16:3e:b9:13:6d",
            "name": "dbs_18444996-dd87-472a-abb2-61c23707c3a2",
            "network_id": "d0c4899f-b567-4d33-bb17-4e28d926cbc5",
            "port_id": "be379a1c-2f68-482e-81cd-04a004e55fe7",
            "project_id": "f9d69b5c90384a13a760b41c61a50dce",
            "region": "eu-de",
            "security_group_ids": null,
            "status": null,
            "tenant_id": "f9d69b5c90384a13a760b41c61a50dce"
          },
          "sensitive_attributes": [],
          "identity_schema_version": 0
        },
        {
          "index_key": "c0b01611-2371-4cdc-824a-85462695d864",
          "schema_version": 0,
          "attributes": {
            "admin_state_up": true,
            "all_fixed_ips": [
              "172.16.20.254"
            ],
            "all_security_group_ids": [],
            "device_id": "",
            "device_owner": "network:dhcp",
            "fixed_ip": null,
            "id": "c0b01611-2371-4cdc-824a-85462695d864",
            "mac_address": "fa:16:3e:03:73:13",
            "name": "",
            "network_id": "4e1a7d6f-1c96-428e-bc8c-380024bd5f6a",
            "port_id": "c0b01611-2371-4cdc-824a-85462695d864",
            "project_id": "f9d69b5c90384a13a760b41c61a50dce",
            "region": "eu-de",
            "security_group_ids": null,
            "status": null,
            "tenant_id": "f9d69b5c90384a13a760b41c61a50dce"
          },
          "sensitive_attributes": [],
          "identity_schema_version": 0
        },
        {
          "index_key": "caf7dc15-faf7-420e-af0e-0c692a216fb0",
          "schema_version": 0,
          "attributes": {
            "admin_state_up": true,
            "all_fixed_ips": [
              "172.16.10.194"
            ],
            "all_security_group_ids": [
              "82960534-6f06-4995-8ca7-65b18fffa84b"
            ],
            "device_id": "daa26951-e6b7-4e0e-86e0-32f9e669e838",
            "device_owner": "compute:eu-de-03",
            "fixed_ip": null,
            "id": "caf7dc15-faf7-420e-af0e-0c692a216fb0",
            "mac_address": "fa:16:3e:10:0a:c2",
            "name": "",
            "network_id": "048d9e09-4c22-41a4-97f1-793efa67f865",
            "port_id": "caf7dc15-faf7-420e-af0e-0c692a216fb0",
            "project_id": "f9d69b5c90384a13a760b41c61a50dce",
            "region": "eu-de",
            "security_group_ids": null,
            "status": null,
            "tenant_id": "f9d69b5c90384a13a760b41c61a50dce"
          },
          "sensitive_attributes": [],
          "identity_schema_version": 0
        },
        {
          "index_key": "cba4fcbd-8f68-4601-ae0a-785bc244994e",
          "schema_version": 0,
          "attributes": {
            "admin_state_up": true,
            "all_fixed_ips": [
              "10.5.0.1"
            ],
            "all_security_group_ids": [
              "c1113fee-510c-4180-b114-3af2ebd8f099"
            ],
            "device_id": "700af767-115d-43b8-8886-a6a4a63d59ef",
            "device_owner": "network:router_interface_distributed",
            "fixed_ip": null,
            "id": "cba4fcbd-8f68-4601-ae0a-785bc244994e",
            "mac_address": "fa:16:3e:07:95:2c",
            "name": "c5300a6a-417d-4833-9d43-08c134376b0d",
            "network_id": "b3523510-8a93-4ad9-b5d7-2178464f1f65",
            "port_id": "cba4fcbd-8f68-4601-ae0a-785bc244994e",
            "project_id": "f9d69b5c90384a13a760b41c61a50dce",
            "region": "eu-de",
            "security_group_ids": null,
            "status": null,
            "tenant_id": "f9d69b5c90384a13a760b41c61a50dce"
          },
          "sensitive_attributes": [],
          "identity_schema_version": 0
        },
        {
          "index_key": "cf0bc239-9473-4f42-9c1a-1edc965b62bc",
          "schema_version": 0,
          "attributes": {
            "admin_state_up": true,
            "all_fixed_ips": [
              "192.168.2.254"
            ],
            "all_security_group_ids": [],
            "device_id": "",
            "device_owner": "network:dhcp",
            "fixed_ip": null,
            "id": "cf0bc239-9473-4f42-9c1a-1edc965b62bc",
            "mac_address": "fa:16:3e:fd:b9:6c",
            "name": "",
            "network_id": "d0c4899f-b567-4d33-bb17-4e28d926cbc5",
            "port_id": "cf0bc239-9473-4f42-9c1a-1edc965b62bc",
            "project_id": "f9d69b5c90384a13a760b41c61a50dce",
            "region": "eu-de",
            "security_group_ids": null,
            "status": null,
            "tenant_id": "f9d69b5c90384a13a760b41c61a50dce"
          },
          "sensitive_attributes": [],
          "identity_schema_version": 0
        },
        {
          "index_key": "d575a83c-0f38-41c1-8a1b-bcb2f2a30613",
          "schema_version": 0,
          "attributes": {
            "admin_state_up": false,
            "all_fixed_ips": [
              "10.5.1.28"
            ],
            "all_security_group_ids": [
              "c1113fee-510c-4180-b114-3af2ebd8f099"
            ],
            "device_id": "df1e56c5-e776-48ad-8c8b-50a8fe9255fa",
            "device_owner": "neutron:LOADBALANCERV2",
            "fixed_ip": null,
            "id": "d575a83c-0f38-41c1-8a1b-bcb2f2a30613",
            "mac_address": "fa:16:5f:22:05:6a",
            "name": "loadbalancer-df1e56c5-e776-48ad-8c8b-50a8fe9255fa",
            "network_id": "3089a379-4a7f-4147-aa5e-b2134d6327f7",
            "port_id": "d575a83c-0f38-41c1-8a1b-bcb2f2a30613",
            "project_id": "f9d69b5c90384a13a760b41c61a50dce",
            "region": "eu-de",
            "security_group_ids": null,
            "status": null,
            "tenant_id": "f9d69b5c90384a13a760b41c61a50dce"
          },
          "sensitive_attributes": [],
          "identity_schema_version": 0
        },
        {
          "index_key": "d92bdd57-1e45-4b49-8458-9108fd0638c7",
          "schema_version": 0,
          "attributes": {
            "admin_state_up": true,
            "all_fixed_ips": [
              "10.5.2.186"
            ],
            "all_security_group_ids": [
              "05879954-6c44-48eb-9497-c87512321460"
            ],
            "device_id": "",
            "device_owner": "neutron:VIP_PORT",
            "fixed_ip": null,
            "id": "d92bdd57-1e45-4b49-8458-9108fd0638c7",
            "mac_address": "fa:16:3e:f4:f1:a9",
            "name": "",
            "network_id": "ae7211cf-a76b-45b9-a291-351768e4d954",
            "port_id": "d92bdd57-1e45-4b49-8458-9108fd0638c7",
            "project_id": "f9d69b5c90384a13a760b41c61a50dce",
            "region": "eu-de",
            "security_group_ids": null,
            "status": null,
            "tenant_id": "f9d69b5c90384a13a760b41c61a50dce"
          },
          "sensitive_attributes": [],
          "identity_schema_version": 0
        },
        {
          "index_key": "dab86af4-478e-48b7-a8c8-31d49c5e2961",
          "schema_version": 0,
          "attributes": {
            "admin_state_up": true,
            "all_fixed_ips": [
              "10.5.2.201"
            ],
            "all_security_group_ids": [
              "05879954-6c44-48eb-9497-c87512321460"
            ],
            "device_id": "35ba18a1-1209-4786-a2d7-b0233f13cd84",
            "device_owner": "compute:eu-de-03",
            "fixed_ip": null,
            "id": "dab86af4-478e-48b7-a8c8-31d49c5e2961",
            "mac_address": "fa:16:3e:f4:f1:b8",
            "name": "dbs_35ba18a1-1209-4786-a2d7-b0233f13cd84",
            "network_id": "ae7211cf-a76b-45b9-a291-351768e4d954",
            "port_id": "dab86af4-478e-48b7-a8c8-31d49c5e2961",
            "project_id": "f9d69b5c90384a13a760b41c61a50dce",
            "region": "eu-de",
            "security_group_ids": null,
            "status": null,
            "tenant_id": "f9d69b5c90384a13a760b41c61a50dce"
          },
          "sensitive_attributes": [],
          "identity_schema_version": 0
        },
        {
          "index_key": "dc630d3a-d638-4666-bf2e-8fbbc305d5f1",
          "schema_version": 0,
          "attributes": {
            "admin_state_up": true,
            "all_fixed_ips": [
              "172.16.10.1"
            ],
            "all_security_group_ids": [
              "c1113fee-510c-4180-b114-3af2ebd8f099"
            ],
            "device_id": "10f8c808-f6bf-47a8-b3c5-5910bc691900",
            "device_owner": "network:router_interface_distributed",
            "fixed_ip": null,
            "id": "dc630d3a-d638-4666-bf2e-8fbbc305d5f1",
            "mac_address": "fa:16:3e:af:36:88",
            "name": "ff0ede7a-6dab-45b4-924d-5e855ab36ea6",
            "network_id": "048d9e09-4c22-41a4-97f1-793efa67f865",
            "port_id": "dc630d3a-d638-4666-bf2e-8fbbc305d5f1",
            "project_id": "f9d69b5c90384a13a760b41c61a50dce",
            "region": "eu-de",
            "security_group_ids": null,
            "status": null,
            "tenant_id": "f9d69b5c90384a13a760b41c61a50dce"
          },
          "sensitive_attributes": [],
          "identity_schema_version": 0
        },
        {
          "index_key": "dcb3cd66-864f-4d96-8621-74bef6044d03",
          "schema_version": 0,
          "attributes": {
            "admin_state_up": true,
            "all_fixed_ips": [
              "10.5.1.254"
            ],
            "all_security_group_ids": [],
            "device_id": "",
            "device_owner": "network:dhcp",
            "fixed_ip": null,
            "id": "dcb3cd66-864f-4d96-8621-74bef6044d03",
            "mac_address": "fa:16:3e:95:11:31",
            "name": "",
            "network_id": "3089a379-4a7f-4147-aa5e-b2134d6327f7",
            "port_id": "dcb3cd66-864f-4d96-8621-74bef6044d03",
            "project_id": "f9d69b5c90384a13a760b41c61a50dce",
            "region": "eu-de",
            "security_group_ids": null,
            "status": null,
            "tenant_id": "f9d69b5c90384a13a760b41c61a50dce"
          },
          "sensitive_attributes": [],
          "identity_schema_version": 0
        },
        {
          "index_key": "df7cd690-559b-4226-9c6b-0542fd98eee1",
          "schema_version": 0,
          "attributes": {
            "admin_state_up": true,
            "all_fixed_ips": [
              "192.168.0.254"
            ],
            "all_security_group_ids": [],
            "device_id": "",
            "device_owner": "network:dhcp",
            "fixed_ip": null,
            "id": "df7cd690-559b-4226-9c6b-0542fd98eee1",
            "mac_address": "fa:16:3e:ac:58:b3",
            "name": "",
            "network_id": "5617d4bf-1911-4f4a-a6e8-9d1a81d5ff7f",
            "port_id": "df7cd690-559b-4226-9c6b-0542fd98eee1",
            "project_id": "f9d69b5c90384a13a760b41c61a50dce",
            "region": "eu-de",
            "security_group_ids": null,
            "status": null,
            "tenant_id": "f9d69b5c90384a13a760b41c61a50dce"
          },
          "sensitive_attributes": [],
          "identity_schema_version": 0
        },
        {
          "index_key": "e2553fcb-1fcc-419a-bf20-fdf38910af54",
          "schema_version": 0,
          "attributes": {
            "admin_state_up": true,
            "all_fixed_ips": [
              "10.5.1.150"
            ],
            "all_security_group_ids": [
              "1e98dd1b-d695-4239-917e-b3d59e47880d"
            ],
            "device_id": "444a37fc-6f04-4fb8-b55c-c3fdc3dba642",
            "device_owner": "compute:eu-de-03",
            "fixed_ip": null,
            "id": "e2553fcb-1fcc-419a-bf20-fdf38910af54",
            "mac_address": "fa:16:3e:f4:f0:85",
            "name": "",
            "network_id": "3089a379-4a7f-4147-aa5e-b2134d6327f7",
            "port_id": "e2553fcb-1fcc-419a-bf20-fdf38910af54",
            "project_id": "f9d69b5c90384a13a760b41c61a50dce",
            "region": "eu-de",
            "security_group_ids": null,
            "status": null,
            "tenant_id": "f9d69b5c90384a13a760b41c61a50dce"
          },
          "sensitive_attributes": [],
          "identity_schema_version": 0
        },
        {
          "index_key": "e7edb316-169b-4b51-ac6a-4c67f7bd4611",
          "schema_version": 0,
          "attributes": {
            "admin_state_up": true,
            "all_fixed_ips": [
              "172.16.10.254"
            ],
            "all_security_group_ids": [],
            "device_id": "",
            "device_owner": "network:dhcp",
            "fixed_ip": null,
            "id": "e7edb316-169b-4b51-ac6a-4c67f7bd4611",
            "mac_address": "fa:16:3e:68:e3:7e",
            "name": "",
            "network_id": "048d9e09-4c22-41a4-97f1-793efa67f865",
            "port_id": "e7edb316-169b-4b51-ac6a-4c67f7bd4611",
            "project_id": "f9d69b5c90384a13a760b41c61a50dce",
            "region": "eu-de",
            "security_group_ids": null,
            "status": null,
            "tenant_id": "f9d69b5c90384a13a760b41c61a50dce"
          },
          "sensitive_attributes": [],
          "identity_schema_version": 0
        },
        {
          "index_key": "eb00aa68-66ed-47c5-afc7-fb3b65d5020c",
          "schema_version": 0,
          "attributes": {
            "admin_state_up": true,
            "all_fixed_ips": [
              "192.168.1.94"
            ],
            "all_security_group_ids": [
              "0a6ffdf8-9b73-4078-bb7f-80d77d8366c4"
            ],
            "device_id": "4c9df61a-0306-4036-b3e2-68ceff0fd121",
            "device_owner": "compute:eu-de-03",
            "fixed_ip": null,
            "id": "eb00aa68-66ed-47c5-afc7-fb3b65d5020c",
            "mac_address": "fa:16:3e:b9:12:6f",
            "name": "",
            "network_id": "f347c51c-7f22-4a6c-800f-fd6d38686794",
            "port_id": "eb00aa68-66ed-47c5-afc7-fb3b65d5020c",
            "project_id": "f9d69b5c90384a13a760b41c61a50dce",
            "region": "eu-de",
            "security_group_ids": null,
            "status": null,
            "tenant_id": "f9d69b5c90384a13a760b41c61a50dce"
          },
          "sensitive_attributes": [],
          "identity_schema_version": 0
        },
        {
          "index_key": "ec92dd6f-87c3-4d35-b79e-dc7be212657b",
          "schema_version": 0,
          "attributes": {
            "admin_state_up": true,
            "all_fixed_ips": [
              "192.168.1.193"
            ],
            "all_security_group_ids": [
              "c3701b8f-079c-4864-83a6-600c7204a415"
            ],
            "device_id": "29ef279d-55d6-403f-98ab-63859b09cbaf",
            "device_owner": "compute:eu-de-03",
            "fixed_ip": null,
            "id": "ec92dd6f-87c3-4d35-b79e-dc7be212657b",
            "mac_address": "fa:16:3e:b9:12:d2",
            "name": "",
            "network_id": "f347c51c-7f22-4a6c-800f-fd6d38686794",
            "port_id": "ec92dd6f-87c3-4d35-b79e-dc7be212657b",
            "project_id": "f9d69b5c90384a13a760b41c61a50dce",
            "region": "eu-de",
            "security_group_ids": null,
            "status": null,
            "tenant_id": "f9d69b5c90384a13a760b41c61a50dce"
          },
          "sensitive_attributes": [],
          "identity_schema_version": 0
        },
        {
          "index_key": "efbc7990-112f-4040-95bd-9ee8e8554398",
          "schema_version": 0,
          "attributes": {
            "admin_state_up": true,
            "all_fixed_ips": [
              "10.5.1.60"
            ],
            "all_security_group_ids": [
              "1e98dd1b-d695-4239-917e-b3d59e47880d"
            ],
            "device_id": "940014fb-b09d-4c43-b3b9-db2820342ba9",
            "device_owner": "compute:eu-de-03",
            "fixed_ip": null,
            "id": "efbc7990-112f-4040-95bd-9ee8e8554398",
            "mac_address": "fa:16:3e:f4:f0:2b",
            "name": "",
            "network_id": "3089a379-4a7f-4147-aa5e-b2134d6327f7",
            "port_id": "efbc7990-112f-4040-95bd-9ee8e8554398",
            "project_id": "f9d69b5c90384a13a760b41c61a50dce",
            "region": "eu-de",
            "security_group_ids": null,
            "status": null,
            "tenant_id": "f9d69b5c90384a13a760b41c61a50dce"
          },
          "sensitive_attributes": [],
          "identity_schema_version": 0
        },
        {
          "index_key": "f336ff44-e02b-47bf-8aae-18434afe6071",
          "schema_version": 0,
          "attributes": {
            "admin_state_up": true,
            "all_fixed_ips": [
              "192.168.2.97"
            ],
            "all_security_group_ids": [
              "87989c4f-e258-4a8c-a01e-ead42a4f6632"
            ],
            "device_id": "",
            "device_owner": "neutron:VIP_PORT",
            "fixed_ip": null,
            "id": "f336ff44-e02b-47bf-8aae-18434afe6071",
            "mac_address": "fa:16:3e:b9:13:72",
            "name": "",
            "network_id": "d0c4899f-b567-4d33-bb17-4e28d926cbc5",
            "port_id": "f336ff44-e02b-47bf-8aae-18434afe6071",
            "project_id": "f9d69b5c90384a13a760b41c61a50dce",
            "region": "eu-de",
            "security_group_ids": null,
            "status": null,
            "tenant_id": "f9d69b5c90384a13a760b41c61a50dce"
          },
          "sensitive_attributes": [],
          "identity_schema_version": 0
        },
        {
          "index_key": "fe0f5779-8487-49c2-9492-8fd96aba1b60",
          "schema_version": 0,
          "attributes": {
            "admin_state_up": true,
            "all_fixed_ips": [
              "172.16.10.184"
            ],
            "all_security_group_ids": [
              "4088c618-6940-422f-87a2-7be4c26f3910"
            ],
            "device_id": "27dd9e47-59d9-493c-a867-9291c4480b63",
            "device_owner": "compute:eu-de-03",
            "fixed_ip": null,
            "id": "fe0f5779-8487-49c2-9492-8fd96aba1b60",
            "mac_address": "fa:16:3e:10:0a:b8",
            "name": "",
            "network_id": "048d9e09-4c22-41a4-97f1-793efa67f865",
            "port_id": "fe0f5779-8487-49c2-9492-8fd96aba1b60",
            "project_id": "f9d69b5c90384a13a760b41c61a50dce",
            "region": "eu-de",
            "security_group_ids": null,
            "status": null,
            "tenant_id": "f9d69b5c90384a13a760b41c61a50dce"
          },
          "sensitive_attributes": [],
          "identity_schema_version": 0
        }
      ]
    },
    {
      "mode": "data",
      "type": "opentelekomcloud_vpc_subnet_ids_v1",
      "name": "subnets",
      "provider": "provider[\"registry.terraform.io/opentelekomcloud/opentelekomcloud\"]",
      "instances": [
        {
          "index_key": "10f8c808-f6bf-47a8-b3c5-5910bc691900",
          "schema_version": 0,
          "attributes": {
            "id": "10f8c808-f6bf-47a8-b3c5-5910bc691900",
            "ids": [
              "048d9e09-4c22-41a4-97f1-793efa67f865",
              "090def60-f4da-434f-a374-78dc9817fb6e",
              "4e1a7d6f-1c96-428e-bc8c-380024bd5f6a"
            ],
            "region": "eu-de",
            "vpc_id": "10f8c808-f6bf-47a8-b3c5-5910bc691900"
          },
          "sensitive_attributes": [],
          "identity_schema_version": 0
        },
        {
          "index_key": "700af767-115d-43b8-8886-a6a4a63d59ef",
          "schema_version": 0,
          "attributes": {
            "id": "700af767-115d-43b8-8886-a6a4a63d59ef",
            "ids": [
              "3089a379-4a7f-4147-aa5e-b2134d6327f7",
              "ae7211cf-a76b-45b9-a291-351768e4d954",
              "b3523510-8a93-4ad9-b5d7-2178464f1f65"
            ],
            "region": "eu-de",
            "vpc_id": "700af767-115d-43b8-8886-a6a4a63d59ef"
          },
          "sensitive_attributes": [],
          "identity_schema_version": 0
        },
        {
          "index_key": "8165c92f-f183-4e22-a1c2-9df880276a11",
          "schema_version": 0,
          "attributes": {
            "id": "8165c92f-f183-4e22-a1c2-9df880276a11",
            "ids": [
              "5617d4bf-1911-4f4a-a6e8-9d1a81d5ff7f",
              "d0c4899f-b567-4d33-bb17-4e28d926cbc5",
              "f347c51c-7f22-4a6c-800f-fd6d38686794"
            ],
            "region": "eu-de",
            "vpc_id": "8165c92f-f183-4e22-a1c2-9df880276a11"
          },
          "sensitive_attributes": [],
          "identity_schema_version": 0
        },
        {
          "index_key": "cb43c4e5-e25c-4727-b7ce-6b9995edffac",
          "schema_version": 0,
          "attributes": {
            "id": "cb43c4e5-e25c-4727-b7ce-6b9995edffac",
            "ids": [
              "43768ec1-f43b-4c28-97b3-98cd1408ebcc",
              "536f3d94-35f2-4aca-9116-16a76d0b91c4"
            ],
            "region": "eu-de",
            "vpc_id": "cb43c4e5-e25c-4727-b7ce-6b9995edffac"
          },
          "sensitive_attributes": [],
          "identity_schema_version": 0
        }
      ]
    },
    {
      "mode": "data",
      "type": "opentelekomcloud_vpc_subnet_v1",
      "name": "subnet",
      "provider": "provider[\"registry.terraform.io/opentelekomcloud/opentelekomcloud\"]",
      "instances": [
        {
          "index_key": "048d9e09-4c22-41a4-97f1-793efa67f865",
          "schema_version": 0,
          "attributes": {
            "availability_zone": "",
            "cidr": "172.16.10.0/24",
            "cidr_ipv6": "",
            "dhcp_enable": true,
            "dns_list": [
              "100.125.129.199",
              "100.125.4.25"
            ],
            "gateway_ip": "172.16.10.1",
            "gateway_ipv6": "",
            "id": "048d9e09-4c22-41a4-97f1-793efa67f865",
            "ipv6_enable": false,
            "name": "subnet-service-testing",
            "network_id": "048d9e09-4c22-41a4-97f1-793efa67f865",
            "primary_dns": "100.125.4.25",
            "region": "eu-de",
            "secondary_dns": "100.125.129.199",
            "status": "ACTIVE",
            "subnet_id": "ff0ede7a-6dab-45b4-924d-5e855ab36ea6",
            "vpc_id": "10f8c808-f6bf-47a8-b3c5-5910bc691900"
          },
          "sensitive_attributes": [],
          "identity_schema_version": 0
        },
        {
          "index_key": "090def60-f4da-434f-a374-78dc9817fb6e",
          "schema_version": 0,
          "attributes": {
            "availability_zone": "",
            "cidr": "172.16.0.0/24",
            "cidr_ipv6": "",
            "dhcp_enable": true,
            "dns_list": [
              "100.125.129.199",
              "100.125.4.25"
            ],
            "gateway_ip": "172.16.0.1",
            "gateway_ipv6": "",
            "id": "090def60-f4da-434f-a374-78dc9817fb6e",
            "ipv6_enable": false,
            "name": "subnet-mgt-testing",
            "network_id": "090def60-f4da-434f-a374-78dc9817fb6e",
            "primary_dns": "100.125.4.25",
            "region": "eu-de",
            "secondary_dns": "100.125.129.199",
            "status": "ACTIVE",
            "subnet_id": "da92bfcd-fbdb-40c4-976e-339446831330",
            "vpc_id": "10f8c808-f6bf-47a8-b3c5-5910bc691900"
          },
          "sensitive_attributes": [],
          "identity_schema_version": 0
        },
        {
          "index_key": "3089a379-4a7f-4147-aa5e-b2134d6327f7",
          "schema_version": 0,
          "attributes": {
            "availability_zone": "",
            "cidr": "10.5.1.0/24",
            "cidr_ipv6": "",
            "dhcp_enable": true,
            "dns_list": [
              "100.125.129.199",
              "100.125.4.25"
            ],
            "gateway_ip": "10.5.1.1",
            "gateway_ipv6": "",
            "id": "3089a379-4a7f-4147-aa5e-b2134d6327f7",
            "ipv6_enable": false,
            "name": "subnet-peer-service",
            "network_id": "3089a379-4a7f-4147-aa5e-b2134d6327f7",
            "primary_dns": "100.125.4.25",
            "region": "eu-de",
            "secondary_dns": "100.125.129.199",
            "status": "ACTIVE",
            "subnet_id": "81493971-bb32-4fa6-9e8a-dc50f7a63486",
            "vpc_id": "700af767-115d-43b8-8886-a6a4a63d59ef"
          },
          "sensitive_attributes": [],
          "identity_schema_version": 0
        },
        {
          "index_key": "43768ec1-f43b-4c28-97b3-98cd1408ebcc",
          "schema_version": 0,
          "attributes": {
            "availability_zone": "",
            "cidr": "10.50.50.0/24",
            "cidr_ipv6": "",
            "dhcp_enable": true,
            "dns_list": [
              "100.125.129.199",
              "100.125.4.25"
            ],
            "gateway_ip": "10.50.50.1",
            "gateway_ipv6": "",
            "id": "43768ec1-f43b-4c28-97b3-98cd1408ebcc",
            "ipv6_enable": false,
            "name": "peer-admin-test",
            "network_id": "43768ec1-f43b-4c28-97b3-98cd1408ebcc",
            "primary_dns": "100.125.4.25",
            "region": "eu-de",
            "secondary_dns": "100.125.129.199",
            "status": "ACTIVE",
            "subnet_id": "15df7a53-3edf-4316-a812-a47c7b0d63e7",
            "vpc_id": "cb43c4e5-e25c-4727-b7ce-6b9995edffac"
          },
          "sensitive_attributes": [],
          "identity_schema_version": 0
        },
        {
          "index_key": "4e1a7d6f-1c96-428e-bc8c-380024bd5f6a",
          "schema_version": 0,
          "attributes": {
            "availability_zone": "",
            "cidr": "172.16.20.0/24",
            "cidr_ipv6": "",
            "dhcp_enable": true,
            "dns_list": [
              "100.125.129.199",
              "100.125.4.25"
            ],
            "gateway_ip": "172.16.20.1",
            "gateway_ipv6": "",
            "id": "4e1a7d6f-1c96-428e-bc8c-380024bd5f6a",
            "ipv6_enable": false,
            "name": "subnet-data-testing",
            "network_id": "4e1a7d6f-1c96-428e-bc8c-380024bd5f6a",
            "primary_dns": "100.125.4.25",
            "region": "eu-de",
            "secondary_dns": "100.125.129.199",
            "status": "ACTIVE",
            "subnet_id": "7d2dd8db-38e5-4526-ace9-d6bddd573e88",
            "vpc_id": "10f8c808-f6bf-47a8-b3c5-5910bc691900"
          },
          "sensitive_attributes": [],
          "identity_schema_version": 0
        },
        {
          "index_key": "536f3d94-35f2-4aca-9116-16a76d0b91c4",
          "schema_version": 0,
          "attributes": {
            "availability_zone": "",
            "cidr": "10.50.1.0/24",
            "cidr_ipv6": "",
            "dhcp_enable": true,
            "dns_list": [
              "100.125.129.199",
              "100.125.4.25"
            ],
            "gateway_ip": "10.50.1.1",
            "gateway_ipv6": "",
            "id": "536f3d94-35f2-4aca-9116-16a76d0b91c4",
            "ipv6_enable": false,
            "name": "peer-admin-mgnt",
            "network_id": "536f3d94-35f2-4aca-9116-16a76d0b91c4",
            "primary_dns": "100.125.4.25",
            "region": "eu-de",
            "secondary_dns": "100.125.129.199",
            "status": "ACTIVE",
            "subnet_id": "9dc18541-7290-43e4-98d5-9c99519d10c9",
            "vpc_id": "cb43c4e5-e25c-4727-b7ce-6b9995edffac"
          },
          "sensitive_attributes": [],
          "identity_schema_version": 0
        },
        {
          "index_key": "5617d4bf-1911-4f4a-a6e8-9d1a81d5ff7f",
          "schema_version": 0,
          "attributes": {
            "availability_zone": "",
            "cidr": "192.168.0.0/24",
            "cidr_ipv6": "",
            "dhcp_enable": true,
            "dns_list": [
              "100.125.129.199",
              "100.125.4.25"
            ],
            "gateway_ip": "192.168.0.1",
            "gateway_ipv6": "",
            "id": "5617d4bf-1911-4f4a-a6e8-9d1a81d5ff7f",
            "ipv6_enable": false,
            "name": "subnet-prod-mgt",
            "network_id": "5617d4bf-1911-4f4a-a6e8-9d1a81d5ff7f",
            "primary_dns": "100.125.4.25",
            "region": "eu-de",
            "secondary_dns": "100.125.129.199",
            "status": "ACTIVE",
            "subnet_id": "43681d41-0d60-48b9-9817-6a712612fe3f",
            "vpc_id": "8165c92f-f183-4e22-a1c2-9df880276a11"
          },
          "sensitive_attributes": [],
          "identity_schema_version": 0
        },
        {
          "index_key": "ae7211cf-a76b-45b9-a291-351768e4d954",
          "schema_version": 0,
          "attributes": {
            "availability_zone": "",
            "cidr": "10.5.2.0/24",
            "cidr_ipv6": "",
            "dhcp_enable": true,
            "dns_list": [
              "100.125.129.199",
              "100.125.4.25"
            ],
            "gateway_ip": "10.5.2.1",
            "gateway_ipv6": "",
            "id": "ae7211cf-a76b-45b9-a291-351768e4d954",
            "ipv6_enable": false,
            "name": "subnet-peer-data",
            "network_id": "ae7211cf-a76b-45b9-a291-351768e4d954",
            "primary_dns": "100.125.4.25",
            "region": "eu-de",
            "secondary_dns": "100.125.129.199",
            "status": "ACTIVE",
            "subnet_id": "9a1a7c23-c024-420d-bece-3ab50296b2ff",
            "vpc_id": "700af767-115d-43b8-8886-a6a4a63d59ef"
          },
          "sensitive_attributes": [],
          "identity_schema_version": 0
        },
        {
          "index_key": "b3523510-8a93-4ad9-b5d7-2178464f1f65",
          "schema_version": 0,
          "attributes": {
            "availability_zone": "",
            "cidr": "10.5.0.0/24",
            "cidr_ipv6": "",
            "dhcp_enable": true,
            "dns_list": [
              "100.125.129.199",
              "100.125.4.25"
            ],
            "gateway_ip": "10.5.0.1",
            "gateway_ipv6": "",
            "id": "b3523510-8a93-4ad9-b5d7-2178464f1f65",
            "ipv6_enable": false,
            "name": "subnet-peer-mgt",
            "network_id": "b3523510-8a93-4ad9-b5d7-2178464f1f65",
            "primary_dns": "100.125.4.25",
            "region": "eu-de",
            "secondary_dns": "100.125.129.199",
            "status": "ACTIVE",
            "subnet_id": "c5300a6a-417d-4833-9d43-08c134376b0d",
            "vpc_id": "700af767-115d-43b8-8886-a6a4a63d59ef"
          },
          "sensitive_attributes": [],
          "identity_schema_version": 0
        },
        {
          "index_key": "d0c4899f-b567-4d33-bb17-4e28d926cbc5",
          "schema_version": 0,
          "attributes": {
            "availability_zone": "",
            "cidr": "192.168.2.0/24",
            "cidr_ipv6": "",
            "dhcp_enable": true,
            "dns_list": [
              "100.125.129.199",
              "100.125.4.25"
            ],
            "gateway_ip": "192.168.2.1",
            "gateway_ipv6": "",
            "id": "d0c4899f-b567-4d33-bb17-4e28d926cbc5",
            "ipv6_enable": false,
            "name": "subnet-prod-data",
            "network_id": "d0c4899f-b567-4d33-bb17-4e28d926cbc5",
            "primary_dns": "100.125.4.25",
            "region": "eu-de",
            "secondary_dns": "100.125.129.199",
            "status": "ACTIVE",
            "subnet_id": "9f4d41cb-1a40-4520-9e89-a3ada8acffa1",
            "vpc_id": "8165c92f-f183-4e22-a1c2-9df880276a11"
          },
          "sensitive_attributes": [],
          "identity_schema_version": 0
        },
        {
          "index_key": "f347c51c-7f22-4a6c-800f-fd6d38686794",
          "schema_version": 0,
          "attributes": {
            "availability_zone": "",
            "cidr": "192.168.1.0/24",
            "cidr_ipv6": "",
            "dhcp_enable": true,
            "dns_list": [
              "100.125.129.199",
              "100.125.4.25"
            ],
            "gateway_ip": "192.168.1.1",
            "gateway_ipv6": "",
            "id": "f347c51c-7f22-4a6c-800f-fd6d38686794",
            "ipv6_enable": false,
            "name": "subnet-prod-service",
            "network_id": "f347c51c-7f22-4a6c-800f-fd6d38686794",
            "primary_dns": "100.125.4.25",
            "region": "eu-de",
            "secondary_dns": "100.125.129.199",
            "status": "ACTIVE",
            "subnet_id": "b42e2e98-45f2-4ec8-94bf-4dd2d7ecf574",
            "vpc_id": "8165c92f-f183-4e22-a1c2-9df880276a11"
          },
          "sensitive_attributes": [],
          "identity_schema_version": 0
        }
      ]
    },
    {
      "mode": "managed",
      "type": "local_sensitive_file",
      "name": "otc_inventory_yaml",
      "provider": "provider[\"registry.terraform.io/hashicorp/local\"]",
      "instances": [
        {
          "schema_version": 0,
          "attributes": {
            "content": "\"ecs\":\n- \"az\": \"eu-de-03\"\n  \"flavor_id\": \"s3.large.2\"\n  \"id\": \"8f0dbccb-d06f-49ef-9e88-f4d1af5c7342\"\n  \"name\": \"peer-admin-loki-monitor\"\n  \"networks\":\n  - \"fixed_ip_v4\": \"\"\n    \"fixed_ip_v6\": \"\"\n    \"mac\": \"fa:16:3e:de:ad:42\"\n    \"name\": \"\"\n    \"port\": \"67d27c76-d02c-4d3a-882f-8076198fb308\"\n    \"uuid\": \"536f3d94-35f2-4aca-9116-16a76d0b91c4\"\n  \"secgroups\":\n  - \"05eb0a9e-2d1f-4fc4-820c-fe13399a9d75\"\n  \"status\": \"ACTIVE\"\n- \"az\": \"eu-de-03\"\n  \"flavor_id\": \"s7n.small.1\"\n  \"id\": \"d2f50d51-52e3-4163-b8bb-6edd0b569ad4\"\n  \"name\": \"peer-admin-jumphost\"\n  \"networks\":\n  - \"fixed_ip_v4\": \"\"\n    \"fixed_ip_v6\": \"\"\n    \"mac\": \"fa:16:3e:de:ad:10\"\n    \"name\": \"\"\n    \"port\": \"b9b9ce27-1cc7-4c93-88bc-c995dbddd647\"\n    \"uuid\": \"536f3d94-35f2-4aca-9116-16a76d0b91c4\"\n  \"secgroups\":\n  - \"c1113fee-510c-4180-b114-3af2ebd8f099\"\n  - \"2bb26324-3989-4458-a614-8425cc6cd21a\"\n  \"status\": \"ACTIVE\"\n- \"az\": \"eu-de-03\"\n  \"flavor_id\": \"s3.medium.2\"\n  \"id\": \"bc66c2b9-b493-4a78-a4d6-8729ba0230c9\"\n  \"name\": \"ecs-peer-monitor-test\"\n  \"networks\":\n  - \"fixed_ip_v4\": \"\"\n    \"fixed_ip_v6\": \"\"\n    \"mac\": \"fa:16:3e:10:00:14\"\n    \"name\": \"\"\n    \"port\": \"293f9e4e-dc97-4191-b36d-1eb0c7486035\"\n    \"uuid\": \"090def60-f4da-434f-a374-78dc9817fb6e\"\n  \"secgroups\":\n  - \"0eb84b89-678f-4cfd-98a4-c8c543aaeda6\"\n  \"status\": \"ACTIVE\"\n- \"az\": \"eu-de-03\"\n  \"flavor_id\": \"s3.medium.1\"\n  \"id\": \"27dd9e47-59d9-493c-a867-9291c4480b63\"\n  \"name\": \"ecs-testing-websocket\"\n  \"networks\":\n  - \"fixed_ip_v4\": \"\"\n    \"fixed_ip_v6\": \"\"\n    \"mac\": \"fa:16:3e:10:0a:b8\"\n    \"name\": \"\"\n    \"port\": \"fe0f5779-8487-49c2-9492-8fd96aba1b60\"\n    \"uuid\": \"048d9e09-4c22-41a4-97f1-793efa67f865\"\n  \"secgroups\":\n  - \"4088c618-6940-422f-87a2-7be4c26f3910\"\n  \"status\": \"ACTIVE\"\n- \"az\": \"eu-de-03\"\n  \"flavor_id\": \"s3.medium.1\"\n  \"id\": \"4c9df61a-0306-4036-b3e2-68ceff0fd121\"\n  \"name\": \"ecs-prod_web-frontend\"\n  \"networks\":\n  - \"fixed_ip_v4\": \"\"\n    \"fixed_ip_v6\": \"\"\n    \"mac\": \"fa:16:3e:b9:12:6f\"\n    \"name\": \"\"\n    \"port\": \"eb00aa68-66ed-47c5-afc7-fb3b65d5020c\"\n    \"uuid\": \"f347c51c-7f22-4a6c-800f-fd6d38686794\"\n  \"secgroups\":\n  - \"0a6ffdf8-9b73-4078-bb7f-80d77d8366c4\"\n  \"status\": \"ACTIVE\"\n- \"az\": \"eu-de-03\"\n  \"flavor_id\": \"s3.large.2\"\n  \"id\": \"29ef279d-55d6-403f-98ab-63859b09cbaf\"\n  \"name\": \"ecs-prod-admin\"\n  \"networks\":\n  - \"fixed_ip_v4\": \"\"\n    \"fixed_ip_v6\": \"\"\n    \"mac\": \"fa:16:3e:b9:12:d2\"\n    \"name\": \"\"\n    \"port\": \"ec92dd6f-87c3-4d35-b79e-dc7be212657b\"\n    \"uuid\": \"f347c51c-7f22-4a6c-800f-fd6d38686794\"\n  \"secgroups\":\n  - \"c3701b8f-079c-4864-83a6-600c7204a415\"\n  \"status\": \"ACTIVE\"\n- \"az\": \"eu-de-03\"\n  \"flavor_id\": \"s3.4xlarge.4\"\n  \"id\": \"349d2490-cfd9-4e2c-b4f0-a2c18efb0382\"\n  \"name\": \"ecs-prod-backend\"\n  \"networks\":\n  - \"fixed_ip_v4\": \"\"\n    \"fixed_ip_v6\": \"\"\n    \"mac\": \"fa:16:3e:b9:12:c8\"\n    \"name\": \"\"\n    \"port\": \"9df13dbb-7c34-45d1-9312-729e70492485\"\n    \"uuid\": \"f347c51c-7f22-4a6c-800f-fd6d38686794\"\n  \"secgroups\":\n  - \"a04d74f1-879a-4c55-8d07-033c8db98065\"\n  \"status\": \"ACTIVE\"\n- \"az\": \"eu-de-03\"\n  \"flavor_id\": \"s3.medium.1\"\n  \"id\": \"a74ffa01-38c3-42dd-8b60-bf2ee6d662cc\"\n  \"name\": \"ecs-prod-jump\"\n  \"networks\":\n  - \"fixed_ip_v4\": \"\"\n    \"fixed_ip_v6\": \"\"\n    \"mac\": \"fa:16:3e:b9:11:52\"\n    \"name\": \"\"\n    \"port\": \"83710b25-11aa-419c-bb65-4d9d031d734c\"\n    \"uuid\": \"5617d4bf-1911-4f4a-a6e8-9d1a81d5ff7f\"\n  \"secgroups\":\n  - \"2b7ee980-efc2-4199-98ad-0a375c3ba291\"\n  \"status\": \"ACTIVE\"\n- \"az\": \"eu-de-03\"\n  \"flavor_id\": \"s3.medium.1\"\n  \"id\": \"87a5f22d-d596-4305-99d3-a5277aab207a\"\n  \"name\": \"ecs-website\"\n  \"networks\":\n  - \"fixed_ip_v4\": \"\"\n    \"fixed_ip_v6\": \"\"\n    \"mac\": \"fa:16:3e:f4:f0:19\"\n    \"name\": \"\"\n    \"port\": \"2a6d86d4-eaf9-4a57-b18f-af36760c4eb4\"\n    \"uuid\": \"3089a379-4a7f-4147-aa5e-b2134d6327f7\"\n  \"secgroups\":\n  - \"1e98dd1b-d695-4239-917e-b3d59e47880d\"\n  \"status\": \"ACTIVE\"\n- \"az\": \"eu-de-03\"\n  \"flavor_id\": \"s3.medium.1\"\n  \"id\": \"f07f6cbc-cbe8-42e3-80c3-67d3b8cc0a8c\"\n  \"name\": \"ecs-admin-testing\"\n  \"networks\":\n  - \"fixed_ip_v4\": \"\"\n    \"fixed_ip_v6\": \"\"\n    \"mac\": \"fa:16:3e:10:0a:f0\"\n    \"name\": \"\"\n    \"port\": \"58e7dce6-1241-46ad-b436-87577c1c3ee4\"\n    \"uuid\": \"048d9e09-4c22-41a4-97f1-793efa67f865\"\n  - \"fixed_ip_v4\": \"\"\n    \"fixed_ip_v6\": \"\"\n    \"mac\": \"fa:16:3e:10:0a:f1\"\n    \"name\": \"\"\n    \"port\": \"b461ed0c-0f73-4518-b3e7-098d27b0295c\"\n    \"uuid\": \"048d9e09-4c22-41a4-97f1-793efa67f865\"\n  \"secgroups\":\n  - \"0eb84b89-678f-4cfd-98a4-c8c543aaeda6\"\n  \"status\": \"ACTIVE\"\n- \"az\": \"eu-de-03\"\n  \"flavor_id\": \"s3.medium.1\"\n  \"id\": \"daa26951-e6b7-4e0e-86e0-32f9e669e838\"\n  \"name\": \"ecs-peer-web-testing\"\n  \"networks\":\n  - \"fixed_ip_v4\": \"\"\n    \"fixed_ip_v6\": \"\"\n    \"mac\": \"fa:16:3e:10:0a:c2\"\n    \"name\": \"\"\n    \"port\": \"caf7dc15-faf7-420e-af0e-0c692a216fb0\"\n    \"uuid\": \"048d9e09-4c22-41a4-97f1-793efa67f865\"\n  \"secgroups\":\n  - \"82960534-6f06-4995-8ca7-65b18fffa84b\"\n  \"status\": \"ACTIVE\"\n- \"az\": \"eu-de-03\"\n  \"flavor_id\": \"s3.medium.1\"\n  \"id\": \"fd525b9c-11dd-4e9d-abb7-6ce4b513d602\"\n  \"name\": \"ecs-jump-testing\"\n  \"networks\":\n  - \"fixed_ip_v4\": \"\"\n    \"fixed_ip_v6\": \"\"\n    \"mac\": \"fa:16:3e:10:00:11\"\n    \"name\": \"\"\n    \"port\": \"6ab37853-36b3-43be-ba26-d1bf37c8e8fb\"\n    \"uuid\": \"090def60-f4da-434f-a374-78dc9817fb6e\"\n  \"secgroups\":\n  - \"170caca7-fbb5-4ade-9a25-ce976d9ed82b\"\n  \"status\": \"ACTIVE\"\n- \"az\": \"eu-de-03\"\n  \"flavor_id\": \"s3.medium.1\"\n  \"id\": \"444a37fc-6f04-4fb8-b55c-c3fdc3dba642\"\n  \"name\": \"ecs-frontend-web\"\n  \"networks\":\n  - \"fixed_ip_v4\": \"\"\n    \"fixed_ip_v6\": \"\"\n    \"mac\": \"fa:16:3e:f4:f0:85\"\n    \"name\": \"\"\n    \"port\": \"e2553fcb-1fcc-419a-bf20-fdf38910af54\"\n    \"uuid\": \"3089a379-4a7f-4147-aa5e-b2134d6327f7\"\n  \"secgroups\":\n  - \"1e98dd1b-d695-4239-917e-b3d59e47880d\"\n  \"status\": \"ACTIVE\"\n- \"az\": \"eu-de-02\"\n  \"flavor_id\": \"s3.medium.1\"\n  \"id\": \"658e9751-4923-465f-8091-2c6257645a5b\"\n  \"name\": \"ecs-peer-admin\"\n  \"networks\":\n  - \"fixed_ip_v4\": \"\"\n    \"fixed_ip_v6\": \"\"\n    \"mac\": \"fa:16:3e:f4:f0:e3\"\n    \"name\": \"\"\n    \"port\": \"36625f7e-c4fc-405c-aeed-f2ac4655c778\"\n    \"uuid\": \"3089a379-4a7f-4147-aa5e-b2134d6327f7\"\n  \"secgroups\":\n  - \"4f14fba4-ea42-4ebd-9ff1-16611d07a8e4\"\n  \"status\": \"ACTIVE\"\n- \"az\": \"eu-de-03\"\n  \"flavor_id\": \"s3.medium.1\"\n  \"id\": \"940014fb-b09d-4c43-b3b9-db2820342ba9\"\n  \"name\": \"ecs-peer-web\"\n  \"networks\":\n  - \"fixed_ip_v4\": \"\"\n    \"fixed_ip_v6\": \"\"\n    \"mac\": \"fa:16:3e:f4:f0:2b\"\n    \"name\": \"\"\n    \"port\": \"efbc7990-112f-4040-95bd-9ee8e8554398\"\n    \"uuid\": \"3089a379-4a7f-4147-aa5e-b2134d6327f7\"\n  \"secgroups\":\n  - \"1e98dd1b-d695-4239-917e-b3d59e47880d\"\n  \"status\": \"ACTIVE\"\n- \"az\": \"eu-de-03\"\n  \"flavor_id\": \"s3.medium.1\"\n  \"id\": \"055f937b-0bb5-4905-b1b5-b053c161480a\"\n  \"name\": \"ecs-peer-jump\"\n  \"networks\":\n  - \"fixed_ip_v4\": \"\"\n    \"fixed_ip_v6\": \"\"\n    \"mac\": \"fa:16:3e:f4:ef:e0\"\n    \"name\": \"\"\n    \"port\": \"1ff2dde0-7e8f-42d0-9797-1fbd2cbf5dd1\"\n    \"uuid\": \"b3523510-8a93-4ad9-b5d7-2178464f1f65\"\n  \"secgroups\":\n  - \"abe07485-dd5e-4cb2-a88a-3b10c699a4ee\"\n  \"status\": \"ACTIVE\"\n\"evs\":\n- \"attach\":\n  - \"attached_at\": \"2025-07-22T07:48:19.474297\"\n    \"attached_mode\": \"rw\"\n    \"device_name\": \"/dev/vdb\"\n    \"id\": \"04aa0538-6db2-417e-9dd3-cd44726f7878\"\n    \"server_id\": \"8f0dbccb-d06f-49ef-9e88-f4d1af5c7342\"\n  \"az\": \"eu-de-03\"\n  \"id\": \"1ce30403-6ca2-4ddf-8517-52f2b9c2c11d\"\n  \"name\": \"peer-admin-loki-monitor-volume-0001\"\n  \"sizeGB\": 100\n  \"status\": \"in-use\"\n  \"type\": \"GPSSD\"\n- \"attach\":\n  - \"attached_at\": \"2025-07-22T07:48:02.286840\"\n    \"attached_mode\": \"rw\"\n    \"device_name\": \"/dev/vda\"\n    \"id\": \"e7ee7dd8-a310-4558-9ab3-9d2b1969faab\"\n    \"server_id\": \"8f0dbccb-d06f-49ef-9e88-f4d1af5c7342\"\n  \"az\": \"eu-de-03\"\n  \"id\": \"b3d9bb8f-e0ad-4cba-b947-764ddee4575a\"\n  \"name\": \"peer-admin-loki-monitor\"\n  \"sizeGB\": 20\n  \"status\": \"in-use\"\n  \"type\": \"GPSSD\"\n- \"attach\":\n  - \"attached_at\": \"2025-07-21T13:07:10.291433\"\n    \"attached_mode\": \"rw\"\n    \"device_name\": \"/dev/vda\"\n    \"id\": \"357601f0-6bcc-4835-91fa-235d924f47da\"\n    \"server_id\": \"d2f50d51-52e3-4163-b8bb-6edd0b569ad4\"\n  \"az\": \"eu-de-03\"\n  \"id\": \"ae7deb34-541e-447a-bbf3-8d6c02c9e3a1\"\n  \"name\": \"peer-admin-jumphost\"\n  \"sizeGB\": 10\n  \"status\": \"in-use\"\n  \"type\": \"GPSSD\"\n- \"attach\":\n  - \"attached_at\": \"2025-06-24T07:58:25.155026\"\n    \"attached_mode\": \"rw\"\n    \"device_name\": \"/dev/vda\"\n    \"id\": \"86f92e34-c4c7-4abc-b32c-31a69d5d888a\"\n    \"server_id\": \"bc66c2b9-b493-4a78-a4d6-8729ba0230c9\"\n  \"az\": \"eu-de-03\"\n  \"id\": \"550ee657-e860-4c0a-a31e-88f00d4a55f8\"\n  \"name\": \"ecs-peer-monitor-test\"\n  \"sizeGB\": 20\n  \"status\": \"in-use\"\n  \"type\": \"GPSSD\"\n- \"attach\":\n  - \"attached_at\": \"2025-04-09T13:26:34.307498\"\n    \"attached_mode\": \"rw\"\n    \"device_name\": \"/dev/vda\"\n    \"id\": \"3fad6b88-14aa-4a95-a976-1d06ee7a0b82\"\n    \"server_id\": \"27dd9e47-59d9-493c-a867-9291c4480b63\"\n  \"az\": \"eu-de-03\"\n  \"id\": \"d308d225-7d2f-4da5-a259-a2f53d483226\"\n  \"name\": \"ecs-testing-websocket\"\n  \"sizeGB\": 50\n  \"status\": \"in-use\"\n  \"type\": \"GPSSD\"\n- \"attach\":\n  - \"attached_at\": \"2025-03-20T14:20:22.560856\"\n    \"attached_mode\": \"rw\"\n    \"device_name\": \"/dev/vda\"\n    \"id\": \"476c6f55-de29-4381-b51b-7a4db66548c8\"\n    \"server_id\": \"4c9df61a-0306-4036-b3e2-68ceff0fd121\"\n  \"az\": \"eu-de-03\"\n  \"id\": \"91bf7962-5e90-4c33-976a-68e57267231b\"\n  \"name\": \"ecs-prod_web-frontend\"\n  \"sizeGB\": 50\n  \"status\": \"in-use\"\n  \"type\": \"GPSSD\"\n- \"attach\":\n  - \"attached_at\": \"2025-03-04T15:17:55.581129\"\n    \"attached_mode\": \"rw\"\n    \"device_name\": \"/dev/vda\"\n    \"id\": \"4f76e198-f66e-4075-ad7f-9ba07a1a9683\"\n    \"server_id\": \"29ef279d-55d6-403f-98ab-63859b09cbaf\"\n  \"az\": \"eu-de-03\"\n  \"id\": \"d01cdb06-e448-4941-a57f-b0616e331614\"\n  \"name\": \"ecs-prod-admin\"\n  \"sizeGB\": 50\n  \"status\": \"in-use\"\n  \"type\": \"GPSSD\"\n- \"attach\":\n  - \"attached_at\": \"2025-03-04T12:08:31.054566\"\n    \"attached_mode\": \"rw\"\n    \"device_name\": \"/dev/vda\"\n    \"id\": \"70628160-633d-4ddd-8ace-23ec2c5185dd\"\n    \"server_id\": \"349d2490-cfd9-4e2c-b4f0-a2c18efb0382\"\n  \"az\": \"eu-de-03\"\n  \"id\": \"531cfed3-b43e-4eed-b291-404533f7b163\"\n  \"name\": \"ecs-prod-backend\"\n  \"sizeGB\": 1000\n  \"status\": \"in-use\"\n  \"type\": \"GPSSD\"\n- \"attach\":\n  - \"attached_at\": \"2025-03-04T10:55:53.225073\"\n    \"attached_mode\": \"rw\"\n    \"device_name\": \"/dev/vda\"\n    \"id\": \"43269dca-4908-44ff-8b74-395334888ab9\"\n    \"server_id\": \"a74ffa01-38c3-42dd-8b60-bf2ee6d662cc\"\n  \"az\": \"eu-de-03\"\n  \"id\": \"5ec8a593-8781-4fcc-bf31-b0ee31fec9b9\"\n  \"name\": \"ecs-prod-jump\"\n  \"sizeGB\": 50\n  \"status\": \"in-use\"\n  \"type\": \"GPSSD\"\n- \"attach\":\n  - \"attached_at\": \"2024-12-12T10:54:47.492562\"\n    \"attached_mode\": \"rw\"\n    \"device_name\": \"/dev/vda\"\n    \"id\": \"19c072f0-bac8-4b5e-9d73-efa2e718b5ed\"\n    \"server_id\": \"87a5f22d-d596-4305-99d3-a5277aab207a\"\n  \"az\": \"eu-de-03\"\n  \"id\": \"299d9f91-bc38-469e-b5a8-1bdc9b79e275\"\n  \"name\": \"ecs-website\"\n  \"sizeGB\": 50\n  \"status\": \"in-use\"\n  \"type\": \"GPSSD\"\n- \"attach\":\n  - \"attached_at\": \"2024-12-12T10:04:03.119669\"\n    \"attached_mode\": \"rw\"\n    \"device_name\": \"/dev/vda\"\n    \"id\": \"4aa85647-95eb-48ad-a8f7-20410907fb1c\"\n    \"server_id\": \"f07f6cbc-cbe8-42e3-80c3-67d3b8cc0a8c\"\n  \"az\": \"eu-de-03\"\n  \"id\": \"c7b4fb41-3ea2-4fcb-81b7-e4711bae0718\"\n  \"name\": \"ecs-admin-testing\"\n  \"sizeGB\": 50\n  \"status\": \"in-use\"\n  \"type\": \"GPSSD\"\n- \"attach\":\n  - \"attached_at\": \"2024-12-10T16:11:50.960380\"\n    \"attached_mode\": \"rw\"\n    \"device_name\": \"/dev/vda\"\n    \"id\": \"36e68769-726b-4fbf-a9f3-a937006178ed\"\n    \"server_id\": \"daa26951-e6b7-4e0e-86e0-32f9e669e838\"\n  \"az\": \"eu-de-03\"\n  \"id\": \"22436c21-f3ea-46a7-9421-2d5683bcb954\"\n  \"name\": \"ecs-peer-web-testing\"\n  \"sizeGB\": 50\n  \"status\": \"in-use\"\n  \"type\": \"GPSSD\"\n- \"attach\":\n  - \"attached_at\": \"2024-12-10T15:14:18.640680\"\n    \"attached_mode\": \"rw\"\n    \"device_name\": \"/dev/vda\"\n    \"id\": \"e74ae11e-174b-4345-b778-5753ddf02da4\"\n    \"server_id\": \"fd525b9c-11dd-4e9d-abb7-6ce4b513d602\"\n  \"az\": \"eu-de-03\"\n  \"id\": \"d7457911-383b-4b04-a802-e5541a256cda\"\n  \"name\": \"ecs-jump-testing\"\n  \"sizeGB\": 50\n  \"status\": \"in-use\"\n  \"type\": \"GPSSD\"\n- \"attach\":\n  - \"attached_at\": \"2024-10-17T13:33:03.320359\"\n    \"attached_mode\": \"rw\"\n    \"device_name\": \"/dev/vda\"\n    \"id\": \"ee2a4cb2-b320-40a8-a8ab-68c5fe80ab0a\"\n    \"server_id\": \"444a37fc-6f04-4fb8-b55c-c3fdc3dba642\"\n  \"az\": \"eu-de-03\"\n  \"id\": \"ea32af0a-3824-4d28-b449-7457d0c2a0f5\"\n  \"name\": \"ecs-frontend-web\"\n  \"sizeGB\": 50\n  \"status\": \"in-use\"\n  \"type\": \"GPSSD\"\n- \"attach\":\n  - \"attached_at\": \"2024-10-07T15:02:34.064678\"\n    \"attached_mode\": \"rw\"\n    \"device_name\": \"/dev/vda\"\n    \"id\": \"8161ddd7-4c02-4abd-9976-b6861cf75660\"\n    \"server_id\": \"658e9751-4923-465f-8091-2c6257645a5b\"\n  \"az\": \"eu-de-02\"\n  \"id\": \"53754122-00fe-4318-a7be-b803d679c261\"\n  \"name\": \"ecs-peer-admin-volume-0000\"\n  \"sizeGB\": 50\n  \"status\": \"in-use\"\n  \"type\": \"GPSSD\"\n- \"attach\":\n  - \"attached_at\": \"2024-10-04T15:19:12.660169\"\n    \"attached_mode\": \"rw\"\n    \"device_name\": \"/dev/vda\"\n    \"id\": \"e9c20709-3601-4c81-9339-7695e92e0106\"\n    \"server_id\": \"940014fb-b09d-4c43-b3b9-db2820342ba9\"\n  \"az\": \"eu-de-03\"\n  \"id\": \"02ebba9e-b9ac-4a4f-8d2c-5fc71773f81a\"\n  \"name\": \"ecs-peer-web-volume-0000\"\n  \"sizeGB\": 50\n  \"status\": \"in-use\"\n  \"type\": \"ESSD\"\n- \"attach\":\n  - \"attached_at\": \"2024-10-04T14:43:01.953531\"\n    \"attached_mode\": \"rw\"\n    \"device_name\": \"/dev/vda\"\n    \"id\": \"bc5530d6-364e-4ae6-ba61-8fe231ead70a\"\n    \"server_id\": \"055f937b-0bb5-4905-b1b5-b053c161480a\"\n  \"az\": \"eu-de-03\"\n  \"id\": \"b0f6fe3f-a6b4-4c5f-ac78-9485808082dc\"\n  \"name\": \"ecs-peer-jump-volume-0000\"\n  \"sizeGB\": 50\n  \"status\": \"in-use\"\n  \"type\": \"GPSSD\"\n\"generated_at\": \"2025-08-13T10:10:59Z\"\n\"ports\":\n- \"device_id\": \"\"\n  \"device_owner\": \"network:dhcp\"\n  \"fixed_ips\":\n  - \"10.50.50.254\"\n  \"id\": \"0790568d-b9e2-4a9a-9025-21ddf991cc48\"\n  \"name\": \"\"\n  \"network_id\": \"43768ec1-f43b-4c28-97b3-98cd1408ebcc\"\n- \"device_id\": \"8165c92f-f183-4e22-a1c2-9df880276a11\"\n  \"device_owner\": \"network:router_interface_distributed\"\n  \"fixed_ips\":\n  - \"192.168.1.1\"\n  \"id\": \"19a25d81-bab5-4241-91be-c2b92ce93b65\"\n  \"name\": \"b42e2e98-45f2-4ec8-94bf-4dd2d7ecf574\"\n  \"network_id\": \"f347c51c-7f22-4a6c-800f-fd6d38686794\"\n- \"device_id\": \"10f8c808-f6bf-47a8-b3c5-5910bc691900\"\n  \"device_owner\": \"network:router_interface_distributed\"\n  \"fixed_ips\":\n  - \"172.16.0.1\"\n  \"id\": \"1ca90188-3e4f-4eca-ae88-160aa5481068\"\n  \"name\": \"da92bfcd-fbdb-40c4-976e-339446831330\"\n  \"network_id\": \"090def60-f4da-434f-a374-78dc9817fb6e\"\n- \"device_id\": \"cb43c4e5-e25c-4727-b7ce-6b9995edffac\"\n  \"device_owner\": \"network:router_interface_distributed\"\n  \"fixed_ips\":\n  - \"10.50.50.1\"\n  \"id\": \"1fdd28c2-1f57-4f59-93a6-50752741c4ec\"\n  \"name\": \"15df7a53-3edf-4316-a812-a47c7b0d63e7\"\n  \"network_id\": \"43768ec1-f43b-4c28-97b3-98cd1408ebcc\"\n- \"device_id\": \"055f937b-0bb5-4905-b1b5-b053c161480a\"\n  \"device_owner\": \"compute:eu-de-03\"\n  \"fixed_ips\":\n  - \"10.5.0.241\"\n  \"id\": \"1ff2dde0-7e8f-42d0-9797-1fbd2cbf5dd1\"\n  \"name\": \"\"\n  \"network_id\": \"b3523510-8a93-4ad9-b5d7-2178464f1f65\"\n- \"device_id\": \"bc66c2b9-b493-4a78-a4d6-8729ba0230c9\"\n  \"device_owner\": \"compute:eu-de-03\"\n  \"fixed_ips\":\n  - \"172.16.0.20\"\n  \"id\": \"293f9e4e-dc97-4191-b36d-1eb0c7486035\"\n  \"name\": \"\"\n  \"network_id\": \"090def60-f4da-434f-a374-78dc9817fb6e\"\n- \"device_id\": \"87a5f22d-d596-4305-99d3-a5277aab207a\"\n  \"device_owner\": \"compute:eu-de-03\"\n  \"fixed_ips\":\n  - \"10.5.1.42\"\n  \"id\": \"2a6d86d4-eaf9-4a57-b18f-af36760c4eb4\"\n  \"name\": \"\"\n  \"network_id\": \"3089a379-4a7f-4147-aa5e-b2134d6327f7\"\n- \"device_id\": \"f310bbe4-fb86-42e3-acc5-7a8ad5a81fe7\"\n  \"device_owner\": \"neutron:LOADBALANCERV2\"\n  \"fixed_ips\":\n  - \"172.16.10.91\"\n  \"id\": \"2bf1cfbb-5e66-42c3-a49b-0b85353acddf\"\n  \"name\": \"loadbalancer-f310bbe4-fb86-42e3-acc5-7a8ad5a81fe7\"\n  \"network_id\": \"048d9e09-4c22-41a4-97f1-793efa67f865\"\n- \"device_id\": \"658e9751-4923-465f-8091-2c6257645a5b\"\n  \"device_owner\": \"compute:eu-de-02\"\n  \"fixed_ips\":\n  - \"10.5.1.244\"\n  \"id\": \"36625f7e-c4fc-405c-aeed-f2ac4655c778\"\n  \"name\": \"\"\n  \"network_id\": \"3089a379-4a7f-4147-aa5e-b2134d6327f7\"\n- \"device_id\": \"0e098681-9464-446a-b0d4-eada436ef036\"\n  \"device_owner\": \"compute:eu-de-03\"\n  \"fixed_ips\":\n  - \"172.16.20.156\"\n  \"id\": \"395b146b-cf9a-4114-9a49-25a236064ae5\"\n  \"name\": \"dbs_0e098681-9464-446a-b0d4-eada436ef036\"\n  \"network_id\": \"4e1a7d6f-1c96-428e-bc8c-380024bd5f6a\"\n- \"device_id\": \"aff5f984-524b-4078-92bc-218d781dd70f\"\n  \"device_owner\": \"compute:eu-de-02\"\n  \"fixed_ips\":\n  - \"10.5.2.71\"\n  \"id\": \"437a47c2-bee0-4630-b355-f2d67f85097d\"\n  \"name\": \"dbs_aff5f984-524b-4078-92bc-218d781dd70f\"\n  \"network_id\": \"ae7211cf-a76b-45b9-a291-351768e4d954\"\n- \"device_id\": \"\"\n  \"device_owner\": \"network:dhcp\"\n  \"fixed_ips\":\n  - \"192.168.1.254\"\n  \"id\": \"43b6145f-1525-4746-980b-272c6a1bf7ea\"\n  \"name\": \"\"\n  \"network_id\": \"f347c51c-7f22-4a6c-800f-fd6d38686794\"\n- \"device_id\": \"8165c92f-f183-4e22-a1c2-9df880276a11\"\n  \"device_owner\": \"network:router_interface_distributed\"\n  \"fixed_ips\":\n  - \"192.168.2.1\"\n  \"id\": \"50ea4666-0764-44c3-b11a-ebedeadb205a\"\n  \"name\": \"9f4d41cb-1a40-4520-9e89-a3ada8acffa1\"\n  \"network_id\": \"d0c4899f-b567-4d33-bb17-4e28d926cbc5\"\n- \"device_id\": \"f07f6cbc-cbe8-42e3-80c3-67d3b8cc0a8c\"\n  \"device_owner\": \"compute:eu-de-03\"\n  \"fixed_ips\":\n  - \"172.16.10.240\"\n  \"id\": \"58e7dce6-1241-46ad-b436-87577c1c3ee4\"\n  \"name\": \"\"\n  \"network_id\": \"048d9e09-4c22-41a4-97f1-793efa67f865\"\n- \"device_id\": \"575a658a-e02a-41cd-bf70-98c503d9785d\"\n  \"device_owner\": \"neutron:LOADBALANCERV2\"\n  \"fixed_ips\":\n  - \"192.168.1.110\"\n  \"id\": \"607ff469-0f95-4b13-a44e-d55ff078469f\"\n  \"name\": \"loadbalancer-575a658a-e02a-41cd-bf70-98c503d9785d\"\n  \"network_id\": \"f347c51c-7f22-4a6c-800f-fd6d38686794\"\n- \"device_id\": \"2f77e0de-bc99-421e-9e6b-ed7c07518ed2\"\n  \"device_owner\": \"network:nat_gateway\"\n  \"fixed_ips\":\n  - \"192.168.0.109\"\n  \"id\": \"609e00c1-f0be-468e-9af7-e851a4100442\"\n  \"name\": \"NAT_GATEWAYTAGS\"\n  \"network_id\": \"5617d4bf-1911-4f4a-a6e8-9d1a81d5ff7f\"\n- \"device_id\": \"8f0dbccb-d06f-49ef-9e88-f4d1af5c7342\"\n  \"device_owner\": \"compute:eu-de-03\"\n  \"fixed_ips\":\n  - \"10.50.1.150\"\n  \"id\": \"67d27c76-d02c-4d3a-882f-8076198fb308\"\n  \"name\": \"\"\n  \"network_id\": \"536f3d94-35f2-4aca-9116-16a76d0b91c4\"\n- \"device_id\": \"fd525b9c-11dd-4e9d-abb7-6ce4b513d602\"\n  \"device_owner\": \"compute:eu-de-03\"\n  \"fixed_ips\":\n  - \"172.16.0.17\"\n  \"id\": \"6ab37853-36b3-43be-ba26-d1bf37c8e8fb\"\n  \"name\": \"\"\n  \"network_id\": \"090def60-f4da-434f-a374-78dc9817fb6e\"\n- \"device_id\": \"10f8c808-f6bf-47a8-b3c5-5910bc691900\"\n  \"device_owner\": \"network:router_interface_distributed\"\n  \"fixed_ips\":\n  - \"172.16.20.1\"\n  \"id\": \"77fe3322-10ec-4881-8b60-8d4e6dfe15be\"\n  \"name\": \"7d2dd8db-38e5-4526-ace9-d6bddd573e88\"\n  \"network_id\": \"4e1a7d6f-1c96-428e-bc8c-380024bd5f6a\"\n- \"device_id\": \"75eaedd4-3721-4001-9bbe-677050a4b70e\"\n  \"device_owner\": \"compute:eu-de-01\"\n  \"fixed_ips\":\n  - \"172.16.20.48\"\n  \"id\": \"806bdef6-7abc-4bc3-a0e4-85118ea5a56d\"\n  \"name\": \"dbs_75eaedd4-3721-4001-9bbe-677050a4b70e\"\n  \"network_id\": \"4e1a7d6f-1c96-428e-bc8c-380024bd5f6a\"\n- \"device_id\": \"\"\n  \"device_owner\": \"network:dhcp\"\n  \"fixed_ips\":\n  - \"10.5.0.254\"\n  \"id\": \"8147cb5a-21d4-4afd-a58d-0d5e08d9a210\"\n  \"name\": \"\"\n  \"network_id\": \"b3523510-8a93-4ad9-b5d7-2178464f1f65\"\n- \"device_id\": \"60139ab3-c529-4a32-b446-aaa12fa04d5a\"\n  \"device_owner\": \"network:nat_gateway\"\n  \"fixed_ips\":\n  - \"172.16.0.203\"\n  \"id\": \"8325dcec-210a-4fe2-979d-1caa0fcf666f\"\n  \"name\": \"NAT_GATEWAYTAGS\"\n  \"network_id\": \"090def60-f4da-434f-a374-78dc9817fb6e\"\n- \"device_id\": \"a74ffa01-38c3-42dd-8b60-bf2ee6d662cc\"\n  \"device_owner\": \"compute:eu-de-03\"\n  \"fixed_ips\":\n  - \"192.168.0.65\"\n  \"id\": \"83710b25-11aa-419c-bb65-4d9d031d734c\"\n  \"name\": \"\"\n  \"network_id\": \"5617d4bf-1911-4f4a-a6e8-9d1a81d5ff7f\"\n- \"device_id\": \"\"\n  \"device_owner\": \"network:dhcp\"\n  \"fixed_ips\":\n  - \"172.16.0.254\"\n  \"id\": \"841601e4-e345-4279-abc4-aa0bbd59e5f8\"\n  \"name\": \"\"\n  \"network_id\": \"090def60-f4da-434f-a374-78dc9817fb6e\"\n- \"device_id\": \"\"\n  \"device_owner\": \"network:dhcp\"\n  \"fixed_ips\":\n  - \"10.5.2.254\"\n  \"id\": \"8f60b980-8cdd-449e-a155-90ec0905d291\"\n  \"name\": \"\"\n  \"network_id\": \"ae7211cf-a76b-45b9-a291-351768e4d954\"\n- \"device_id\": \"8165c92f-f183-4e22-a1c2-9df880276a11\"\n  \"device_owner\": \"network:router_interface_distributed\"\n  \"fixed_ips\":\n  - \"192.168.0.1\"\n  \"id\": \"9921d2dc-753b-43c9-a270-33cf2f964e4d\"\n  \"name\": \"43681d41-0d60-48b9-9817-6a712612fe3f\"\n  \"network_id\": \"5617d4bf-1911-4f4a-a6e8-9d1a81d5ff7f\"\n- \"device_id\": \"\"\n  \"device_owner\": \"neutron:VIP_PORT\"\n  \"fixed_ips\":\n  - \"172.16.20.36\"\n  \"id\": \"9dee05af-52d0-49d8-af88-d095da974103\"\n  \"name\": \"\"\n  \"network_id\": \"4e1a7d6f-1c96-428e-bc8c-380024bd5f6a\"\n- \"device_id\": \"349d2490-cfd9-4e2c-b4f0-a2c18efb0382\"\n  \"device_owner\": \"compute:eu-de-03\"\n  \"fixed_ips\":\n  - \"192.168.1.183\"\n  \"id\": \"9df13dbb-7c34-45d1-9312-729e70492485\"\n  \"name\": \"\"\n  \"network_id\": \"f347c51c-7f22-4a6c-800f-fd6d38686794\"\n- \"device_id\": \"\"\n  \"device_owner\": \"network:dhcp\"\n  \"fixed_ips\":\n  - \"10.50.1.254\"\n  \"id\": \"a5d0eca7-82a8-4e00-a973-83093951c5df\"\n  \"name\": \"\"\n  \"network_id\": \"536f3d94-35f2-4aca-9116-16a76d0b91c4\"\n- \"device_id\": \"700af767-115d-43b8-8886-a6a4a63d59ef\"\n  \"device_owner\": \"network:router_interface_distributed\"\n  \"fixed_ips\":\n  - \"10.5.1.1\"\n  \"id\": \"a9fdaace-051c-4b20-9276-691ab9fc0397\"\n  \"name\": \"81493971-bb32-4fa6-9e8a-dc50f7a63486\"\n  \"network_id\": \"3089a379-4a7f-4147-aa5e-b2134d6327f7\"\n- \"device_id\": \"981d3c45-29f8-4aab-a081-147f73890612\"\n  \"device_owner\": \"compute:eu-de-01\"\n  \"fixed_ips\":\n  - \"192.168.2.164\"\n  \"id\": \"ab2b26f5-55c9-4527-a42a-b515b2fcf3d2\"\n  \"name\": \"dbs_981d3c45-29f8-4aab-a081-147f73890612\"\n  \"network_id\": \"d0c4899f-b567-4d33-bb17-4e28d926cbc5\"\n- \"device_id\": \"700af767-115d-43b8-8886-a6a4a63d59ef\"\n  \"device_owner\": \"network:router_interface_distributed\"\n  \"fixed_ips\":\n  - \"10.5.2.1\"\n  \"id\": \"aef685c3-d684-4016-b603-bec6a877e665\"\n  \"name\": \"9a1a7c23-c024-420d-bece-3ab50296b2ff\"\n  \"network_id\": \"ae7211cf-a76b-45b9-a291-351768e4d954\"\n- \"device_id\": \"fea334e5-551e-4e6f-873c-32016fb71755\"\n  \"device_owner\": \"network:nat_gateway\"\n  \"fixed_ips\":\n  - \"10.5.0.128\"\n  \"id\": \"b4263be0-37e1-4815-8326-3ab128364ce9\"\n  \"name\": \"NAT_GATEWAYTAGS\"\n  \"network_id\": \"b3523510-8a93-4ad9-b5d7-2178464f1f65\"\n- \"device_id\": \"f07f6cbc-cbe8-42e3-80c3-67d3b8cc0a8c\"\n  \"device_owner\": \"compute:eu-de-03\"\n  \"fixed_ips\":\n  - \"172.16.10.241\"\n  \"id\": \"b461ed0c-0f73-4518-b3e7-098d27b0295c\"\n  \"name\": \"\"\n  \"network_id\": \"048d9e09-4c22-41a4-97f1-793efa67f865\"\n- \"device_id\": \"cb43c4e5-e25c-4727-b7ce-6b9995edffac\"\n  \"device_owner\": \"network:router_interface_distributed\"\n  \"fixed_ips\":\n  - \"10.50.1.1\"\n  \"id\": \"b7501686-e7c7-4561-bb4a-570f6f972731\"\n  \"name\": \"9dc18541-7290-43e4-98d5-9c99519d10c9\"\n  \"network_id\": \"536f3d94-35f2-4aca-9116-16a76d0b91c4\"\n- \"device_id\": \"d2f50d51-52e3-4163-b8bb-6edd0b569ad4\"\n  \"device_owner\": \"compute:eu-de-03\"\n  \"fixed_ips\":\n  - \"10.50.1.100\"\n  \"id\": \"b9b9ce27-1cc7-4c93-88bc-c995dbddd647\"\n  \"name\": \"\"\n  \"network_id\": \"536f3d94-35f2-4aca-9116-16a76d0b91c4\"\n- \"device_id\": \"18444996-dd87-472a-abb2-61c23707c3a2\"\n  \"device_owner\": \"compute:eu-de-03\"\n  \"fixed_ips\":\n  - \"192.168.2.92\"\n  \"id\": \"be379a1c-2f68-482e-81cd-04a004e55fe7\"\n  \"name\": \"dbs_18444996-dd87-472a-abb2-61c23707c3a2\"\n  \"network_id\": \"d0c4899f-b567-4d33-bb17-4e28d926cbc5\"\n- \"device_id\": \"\"\n  \"device_owner\": \"network:dhcp\"\n  \"fixed_ips\":\n  - \"172.16.20.254\"\n  \"id\": \"c0b01611-2371-4cdc-824a-85462695d864\"\n  \"name\": \"\"\n  \"network_id\": \"4e1a7d6f-1c96-428e-bc8c-380024bd5f6a\"\n- \"device_id\": \"daa26951-e6b7-4e0e-86e0-32f9e669e838\"\n  \"device_owner\": \"compute:eu-de-03\"\n  \"fixed_ips\":\n  - \"172.16.10.194\"\n  \"id\": \"caf7dc15-faf7-420e-af0e-0c692a216fb0\"\n  \"name\": \"\"\n  \"network_id\": \"048d9e09-4c22-41a4-97f1-793efa67f865\"\n- \"device_id\": \"700af767-115d-43b8-8886-a6a4a63d59ef\"\n  \"device_owner\": \"network:router_interface_distributed\"\n  \"fixed_ips\":\n  - \"10.5.0.1\"\n  \"id\": \"cba4fcbd-8f68-4601-ae0a-785bc244994e\"\n  \"name\": \"c5300a6a-417d-4833-9d43-08c134376b0d\"\n  \"network_id\": \"b3523510-8a93-4ad9-b5d7-2178464f1f65\"\n- \"device_id\": \"\"\n  \"device_owner\": \"network:dhcp\"\n  \"fixed_ips\":\n  - \"192.168.2.254\"\n  \"id\": \"cf0bc239-9473-4f42-9c1a-1edc965b62bc\"\n  \"name\": \"\"\n  \"network_id\": \"d0c4899f-b567-4d33-bb17-4e28d926cbc5\"\n- \"device_id\": \"df1e56c5-e776-48ad-8c8b-50a8fe9255fa\"\n  \"device_owner\": \"neutron:LOADBALANCERV2\"\n  \"fixed_ips\":\n  - \"10.5.1.28\"\n  \"id\": \"d575a83c-0f38-41c1-8a1b-bcb2f2a30613\"\n  \"name\": \"loadbalancer-df1e56c5-e776-48ad-8c8b-50a8fe9255fa\"\n  \"network_id\": \"3089a379-4a7f-4147-aa5e-b2134d6327f7\"\n- \"device_id\": \"\"\n  \"device_owner\": \"neutron:VIP_PORT\"\n  \"fixed_ips\":\n  - \"10.5.2.186\"\n  \"id\": \"d92bdd57-1e45-4b49-8458-9108fd0638c7\"\n  \"name\": \"\"\n  \"network_id\": \"ae7211cf-a76b-45b9-a291-351768e4d954\"\n- \"device_id\": \"35ba18a1-1209-4786-a2d7-b0233f13cd84\"\n  \"device_owner\": \"compute:eu-de-03\"\n  \"fixed_ips\":\n  - \"10.5.2.201\"\n  \"id\": \"dab86af4-478e-48b7-a8c8-31d49c5e2961\"\n  \"name\": \"dbs_35ba18a1-1209-4786-a2d7-b0233f13cd84\"\n  \"network_id\": \"ae7211cf-a76b-45b9-a291-351768e4d954\"\n- \"device_id\": \"10f8c808-f6bf-47a8-b3c5-5910bc691900\"\n  \"device_owner\": \"network:router_interface_distributed\"\n  \"fixed_ips\":\n  - \"172.16.10.1\"\n  \"id\": \"dc630d3a-d638-4666-bf2e-8fbbc305d5f1\"\n  \"name\": \"ff0ede7a-6dab-45b4-924d-5e855ab36ea6\"\n  \"network_id\": \"048d9e09-4c22-41a4-97f1-793efa67f865\"\n- \"device_id\": \"\"\n  \"device_owner\": \"network:dhcp\"\n  \"fixed_ips\":\n  - \"10.5.1.254\"\n  \"id\": \"dcb3cd66-864f-4d96-8621-74bef6044d03\"\n  \"name\": \"\"\n  \"network_id\": \"3089a379-4a7f-4147-aa5e-b2134d6327f7\"\n- \"device_id\": \"\"\n  \"device_owner\": \"network:dhcp\"\n  \"fixed_ips\":\n  - \"192.168.0.254\"\n  \"id\": \"df7cd690-559b-4226-9c6b-0542fd98eee1\"\n  \"name\": \"\"\n  \"network_id\": \"5617d4bf-1911-4f4a-a6e8-9d1a81d5ff7f\"\n- \"device_id\": \"444a37fc-6f04-4fb8-b55c-c3fdc3dba642\"\n  \"device_owner\": \"compute:eu-de-03\"\n  \"fixed_ips\":\n  - \"10.5.1.150\"\n  \"id\": \"e2553fcb-1fcc-419a-bf20-fdf38910af54\"\n  \"name\": \"\"\n  \"network_id\": \"3089a379-4a7f-4147-aa5e-b2134d6327f7\"\n- \"device_id\": \"\"\n  \"device_owner\": \"network:dhcp\"\n  \"fixed_ips\":\n  - \"172.16.10.254\"\n  \"id\": \"e7edb316-169b-4b51-ac6a-4c67f7bd4611\"\n  \"name\": \"\"\n  \"network_id\": \"048d9e09-4c22-41a4-97f1-793efa67f865\"\n- \"device_id\": \"4c9df61a-0306-4036-b3e2-68ceff0fd121\"\n  \"device_owner\": \"compute:eu-de-03\"\n  \"fixed_ips\":\n  - \"192.168.1.94\"\n  \"id\": \"eb00aa68-66ed-47c5-afc7-fb3b65d5020c\"\n  \"name\": \"\"\n  \"network_id\": \"f347c51c-7f22-4a6c-800f-fd6d38686794\"\n- \"device_id\": \"29ef279d-55d6-403f-98ab-63859b09cbaf\"\n  \"device_owner\": \"compute:eu-de-03\"\n  \"fixed_ips\":\n  - \"192.168.1.193\"\n  \"id\": \"ec92dd6f-87c3-4d35-b79e-dc7be212657b\"\n  \"name\": \"\"\n  \"network_id\": \"f347c51c-7f22-4a6c-800f-fd6d38686794\"\n- \"device_id\": \"940014fb-b09d-4c43-b3b9-db2820342ba9\"\n  \"device_owner\": \"compute:eu-de-03\"\n  \"fixed_ips\":\n  - \"10.5.1.60\"\n  \"id\": \"efbc7990-112f-4040-95bd-9ee8e8554398\"\n  \"name\": \"\"\n  \"network_id\": \"3089a379-4a7f-4147-aa5e-b2134d6327f7\"\n- \"device_id\": \"\"\n  \"device_owner\": \"neutron:VIP_PORT\"\n  \"fixed_ips\":\n  - \"192.168.2.97\"\n  \"id\": \"f336ff44-e02b-47bf-8aae-18434afe6071\"\n  \"name\": \"\"\n  \"network_id\": \"d0c4899f-b567-4d33-bb17-4e28d926cbc5\"\n- \"device_id\": \"27dd9e47-59d9-493c-a867-9291c4480b63\"\n  \"device_owner\": \"compute:eu-de-03\"\n  \"fixed_ips\":\n  - \"172.16.10.184\"\n  \"id\": \"fe0f5779-8487-49c2-9492-8fd96aba1b60\"\n  \"name\": \"\"\n  \"network_id\": \"048d9e09-4c22-41a4-97f1-793efa67f865\"\n\"region\": \"eu-de\"\n\"subnets\":\n- \"cidr\": \"172.16.10.0/24\"\n  \"id\": \"048d9e09-4c22-41a4-97f1-793efa67f865\"\n  \"name\": \"subnet-service-testing\"\n  \"vpc_id\": \"10f8c808-f6bf-47a8-b3c5-5910bc691900\"\n- \"cidr\": \"172.16.0.0/24\"\n  \"id\": \"090def60-f4da-434f-a374-78dc9817fb6e\"\n  \"name\": \"subnet-mgt-testing\"\n  \"vpc_id\": \"10f8c808-f6bf-47a8-b3c5-5910bc691900\"\n- \"cidr\": \"10.5.1.0/24\"\n  \"id\": \"3089a379-4a7f-4147-aa5e-b2134d6327f7\"\n  \"name\": \"subnet-peer-service\"\n  \"vpc_id\": \"700af767-115d-43b8-8886-a6a4a63d59ef\"\n- \"cidr\": \"10.50.50.0/24\"\n  \"id\": \"43768ec1-f43b-4c28-97b3-98cd1408ebcc\"\n  \"name\": \"peer-admin-test\"\n  \"vpc_id\": \"cb43c4e5-e25c-4727-b7ce-6b9995edffac\"\n- \"cidr\": \"172.16.20.0/24\"\n  \"id\": \"4e1a7d6f-1c96-428e-bc8c-380024bd5f6a\"\n  \"name\": \"subnet-data-testing\"\n  \"vpc_id\": \"10f8c808-f6bf-47a8-b3c5-5910bc691900\"\n- \"cidr\": \"10.50.1.0/24\"\n  \"id\": \"536f3d94-35f2-4aca-9116-16a76d0b91c4\"\n  \"name\": \"peer-admin-mgnt\"\n  \"vpc_id\": \"cb43c4e5-e25c-4727-b7ce-6b9995edffac\"\n- \"cidr\": \"192.168.0.0/24\"\n  \"id\": \"5617d4bf-1911-4f4a-a6e8-9d1a81d5ff7f\"\n  \"name\": \"subnet-prod-mgt\"\n  \"vpc_id\": \"8165c92f-f183-4e22-a1c2-9df880276a11\"\n- \"cidr\": \"10.5.2.0/24\"\n  \"id\": \"ae7211cf-a76b-45b9-a291-351768e4d954\"\n  \"name\": \"subnet-peer-data\"\n  \"vpc_id\": \"700af767-115d-43b8-8886-a6a4a63d59ef\"\n- \"cidr\": \"10.5.0.0/24\"\n  \"id\": \"b3523510-8a93-4ad9-b5d7-2178464f1f65\"\n  \"name\": \"subnet-peer-mgt\"\n  \"vpc_id\": \"700af767-115d-43b8-8886-a6a4a63d59ef\"\n- \"cidr\": \"192.168.2.0/24\"\n  \"id\": \"d0c4899f-b567-4d33-bb17-4e28d926cbc5\"\n  \"name\": \"subnet-prod-data\"\n  \"vpc_id\": \"8165c92f-f183-4e22-a1c2-9df880276a11\"\n- \"cidr\": \"192.168.1.0/24\"\n  \"id\": \"f347c51c-7f22-4a6c-800f-fd6d38686794\"\n  \"name\": \"subnet-prod-service\"\n  \"vpc_id\": \"8165c92f-f183-4e22-a1c2-9df880276a11\"\n",
            "content_base64": null,
            "content_base64sha256": "uEmMUbarGidI2tah8uNe0OdC7ed+lCh2c4j7kUo0p2E=",
            "content_base64sha512": "24vuA3s3ttXSRnjke8sg2EoJ8MhGnMJTOkJUJA7kI1WZ6c5JX7MsfASLn+qoojnS1W/U5egG5v8WvnvYzzq1kQ==",
            "content_md5": "a18c52b6d4d1d05b49cc549f5eedd2ad",
            "content_sha1": "ee9fa580dbfbc7a2d68baaa13ae256ab135a40de",
            "content_sha256": "b8498c51b6ab1a2748dad6a1f2e35ed0e742ede77e9428767388fb914a34a761",
            "content_sha512": "db8bee037b37b6d5d24678e47bcb20d84a09f0c8469cc2533a4254240ee4235599e9ce495fb32c7c048b9feaa8a239d2d56fd4e5e806e6ff16be7bd8cf3ab591",
            "directory_permission": "0700",
            "file_permission": "0600",
            "filename": "otc-inventory.yaml",
            "id": "ee9fa580dbfbc7a2d68baaa13ae256ab135a40de",
            "source": null
          },
          "sensitive_attributes": [
            [
              {
                "type": "get_attr",
                "value": "content"
              }
            ],
            [
              {
                "type": "get_attr",
                "value": "content_base64"
              }
            ]
          ],
          "identity_schema_version": 0,
          "dependencies": [
            "data.opentelekomcloud_compute_instances_v2.all",
            "data.opentelekomcloud_evs_volumes_v2.all",
            "data.opentelekomcloud_networking_port_ids_v2.all",
            "data.opentelekomcloud_networking_port_v2.port",
            "data.opentelekomcloud_vpc_subnet_ids_v1.subnets",
            "data.opentelekomcloud_vpc_subnet_v1.subnet"
          ]
        }
      ]
    }
  ],
  "check_results": null
}
